// !$*UTF8*$!
{
	archiveVersion = 1;
	classes = {
	};
	objectVersion = 55;
	objects = {

/* Begin PBXBuildFile section */
		304DA4F82707719200D4229C /* TensaiApp.swift in Sources */ = {isa = PBXBuildFile; fileRef = 304DA4F72707719200D4229C /* TensaiApp.swift */; };
		304DA4FA2707719200D4229C /* ContentView.swift in Sources */ = {isa = PBXBuildFile; fileRef = 304DA4F92707719200D4229C /* ContentView.swift */; };
		304DA4FC2707719500D4229C /* Assets.xcassets in Resources */ = {isa = PBXBuildFile; fileRef = 304DA4FB2707719500D4229C /* Assets.xcassets */; };
		304DA4FF2707719500D4229C /* Preview Assets.xcassets in Resources */ = {isa = PBXBuildFile; fileRef = 304DA4FE2707719500D4229C /* Preview Assets.xcassets */; };
		304DA50A2707C85500D4229C /* LaunchScreen.storyboard in Resources */ = {isa = PBXBuildFile; fileRef = 304DA5092707C85500D4229C /* LaunchScreen.storyboard */; };
		30B0FEE1270CB7B30025A5D9 /* OpenTriviaDB.swift in Sources */ = {isa = PBXBuildFile; fileRef = 30B0FEE0270CB7B30025A5D9 /* OpenTriviaDB.swift */; };
		30B0FEE3270CDA230025A5D9 /* String+HTMLDecoded.swift in Sources */ = {isa = PBXBuildFile; fileRef = 30B0FEE2270CDA230025A5D9 /* String+HTMLDecoded.swift */; };
		30B0FEEB270CDD2D0025A5D9 /* HTMLDecodingTests.swift in Sources */ = {isa = PBXBuildFile; fileRef = 30B0FEEA270CDD2D0025A5D9 /* HTMLDecodingTests.swift */; };
/* End PBXBuildFile section */

/* Begin PBXContainerItemProxy section */
		30B0FEEC270CDD2D0025A5D9 /* PBXContainerItemProxy */ = {
			isa = PBXContainerItemProxy;
			containerPortal = 304DA4EC2707719200D4229C /* Project object */;
			proxyType = 1;
			remoteGlobalIDString = 304DA4F32707719200D4229C;
			remoteInfo = Tensai;
		};
/* End PBXContainerItemProxy section */

/* Begin PBXFileReference section */
		304DA4F42707719200D4229C /* Tensai.app */ = {isa = PBXFileReference; explicitFileType = wrapper.application; includeInIndex = 0; path = Tensai.app; sourceTree = BUILT_PRODUCTS_DIR; };
		304DA4F72707719200D4229C /* TensaiApp.swift */ = {isa = PBXFileReference; lastKnownFileType = sourcecode.swift; path = TensaiApp.swift; sourceTree = "<group>"; };
		304DA4F92707719200D4229C /* ContentView.swift */ = {isa = PBXFileReference; lastKnownFileType = sourcecode.swift; path = ContentView.swift; sourceTree = "<group>"; };
		304DA4FB2707719500D4229C /* Assets.xcassets */ = {isa = PBXFileReference; lastKnownFileType = folder.assetcatalog; path = Assets.xcassets; sourceTree = "<group>"; };
		304DA4FE2707719500D4229C /* Preview Assets.xcassets */ = {isa = PBXFileReference; lastKnownFileType = folder.assetcatalog; path = "Preview Assets.xcassets"; sourceTree = "<group>"; };
		304DA5072707C5E300D4229C /* README.md */ = {isa = PBXFileReference; lastKnownFileType = net.daringfireball.markdown; path = README.md; sourceTree = "<group>"; };
		304DA5082707C69800D4229C /* .gitignore */ = {isa = PBXFileReference; lastKnownFileType = text; path = .gitignore; sourceTree = "<group>"; };
		304DA5092707C85500D4229C /* LaunchScreen.storyboard */ = {isa = PBXFileReference; fileEncoding = 4; lastKnownFileType = file.storyboard; path = LaunchScreen.storyboard; sourceTree = "<group>"; };
		304DA50C2707D3A800D4229C /* Info.plist */ = {isa = PBXFileReference; lastKnownFileType = text.plist; path = Info.plist; sourceTree = "<group>"; };
		30B0FEE0270CB7B30025A5D9 /* OpenTriviaDB.swift */ = {isa = PBXFileReference; lastKnownFileType = sourcecode.swift; path = OpenTriviaDB.swift; sourceTree = "<group>"; };
		30B0FEE2270CDA230025A5D9 /* String+HTMLDecoded.swift */ = {isa = PBXFileReference; lastKnownFileType = sourcecode.swift; path = "String+HTMLDecoded.swift"; sourceTree = "<group>"; };
		30B0FEE8270CDD2D0025A5D9 /* TensaiTests.xctest */ = {isa = PBXFileReference; explicitFileType = wrapper.cfbundle; includeInIndex = 0; path = TensaiTests.xctest; sourceTree = BUILT_PRODUCTS_DIR; };
		30B0FEEA270CDD2D0025A5D9 /* HTMLDecodingTests.swift */ = {isa = PBXFileReference; lastKnownFileType = sourcecode.swift; path = HTMLDecodingTests.swift; sourceTree = "<group>"; };
/* End PBXFileReference section */

/* Begin PBXFrameworksBuildPhase section */
		304DA4F12707719200D4229C /* Frameworks */ = {
			isa = PBXFrameworksBuildPhase;
			buildActionMask = 2147483647;
			files = (
			);
			runOnlyForDeploymentPostprocessing = 0;
		};
		30B0FEE5270CDD2D0025A5D9 /* Frameworks */ = {
			isa = PBXFrameworksBuildPhase;
			buildActionMask = 2147483647;
			files = (
			);
			runOnlyForDeploymentPostprocessing = 0;
		};
/* End PBXFrameworksBuildPhase section */

/* Begin PBXGroup section */
		304DA4EB2707719200D4229C = {
			isa = PBXGroup;
			children = (
				304DA5072707C5E300D4229C /* README.md */,
				304DA5082707C69800D4229C /* .gitignore */,
				304DA4F62707719200D4229C /* Tensai */,
				30B0FEE9270CDD2D0025A5D9 /* TensaiTests */,
				304DA4F52707719200D4229C /* Products */,
			);
			sourceTree = "<group>";
		};
		304DA4F52707719200D4229C /* Products */ = {
			isa = PBXGroup;
			children = (
				304DA4F42707719200D4229C /* Tensai.app */,
				30B0FEE8270CDD2D0025A5D9 /* TensaiTests.xctest */,
			);
			name = Products;
			sourceTree = "<group>";
		};
		304DA4F62707719200D4229C /* Tensai */ = {
			isa = PBXGroup;
			children = (
				30B0FEE2270CDA230025A5D9 /* String+HTMLDecoded.swift */,
				304DA4F72707719200D4229C /* TensaiApp.swift */,
				30B0FEDF270CB7450025A5D9 /* Networking */,
				304DA505270776A900D4229C /* Views */,
				304DA5062707772700D4229C /* Supporting Files */,
				304DA4FD2707719500D4229C /* Preview Content */,
			);
			path = Tensai;
			sourceTree = "<group>";
		};
		304DA4FD2707719500D4229C /* Preview Content */ = {
			isa = PBXGroup;
			children = (
				304DA4FE2707719500D4229C /* Preview Assets.xcassets */,
			);
			path = "Preview Content";
			sourceTree = "<group>";
		};
		304DA505270776A900D4229C /* Views */ = {
			isa = PBXGroup;
			children = (
				304DA4F92707719200D4229C /* ContentView.swift */,
			);
			path = Views;
			sourceTree = "<group>";
		};
		304DA5062707772700D4229C /* Supporting Files */ = {
			isa = PBXGroup;
			children = (
				304DA4FB2707719500D4229C /* Assets.xcassets */,
				304DA5092707C85500D4229C /* LaunchScreen.storyboard */,
				304DA50C2707D3A800D4229C /* Info.plist */,
			);
			name = "Supporting Files";
			sourceTree = "<group>";
		};
		30B0FEDF270CB7450025A5D9 /* Networking */ = {
			isa = PBXGroup;
			children = (
				30B0FEE0270CB7B30025A5D9 /* OpenTriviaDB.swift */,
			);
			path = Networking;
			sourceTree = "<group>";
		};
		30B0FEE9270CDD2D0025A5D9 /* TensaiTests */ = {
			isa = PBXGroup;
			children = (
				30B0FEEA270CDD2D0025A5D9 /* HTMLDecodingTests.swift */,
			);
			path = TensaiTests;
			sourceTree = "<group>";
		};
/* End PBXGroup section */

/* Begin PBXNativeTarget section */
		304DA4F32707719200D4229C /* Tensai */ = {
			isa = PBXNativeTarget;
			buildConfigurationList = 304DA5022707719500D4229C /* Build configuration list for PBXNativeTarget "Tensai" */;
			buildPhases = (
				304DA4F02707719200D4229C /* Sources */,
				304DA4F12707719200D4229C /* Frameworks */,
				304DA4F22707719200D4229C /* Resources */,
			);
			buildRules = (
			);
			dependencies = (
			);
			name = Tensai;
			productName = Tensai;
			productReference = 304DA4F42707719200D4229C /* Tensai.app */;
			productType = "com.apple.product-type.application";
		};
		30B0FEE7270CDD2D0025A5D9 /* TensaiTests */ = {
			isa = PBXNativeTarget;
			buildConfigurationList = 30B0FEEE270CDD2D0025A5D9 /* Build configuration list for PBXNativeTarget "TensaiTests" */;
			buildPhases = (
				30B0FEE4270CDD2D0025A5D9 /* Sources */,
				30B0FEE5270CDD2D0025A5D9 /* Frameworks */,
				30B0FEE6270CDD2D0025A5D9 /* Resources */,
			);
			buildRules = (
			);
			dependencies = (
				30B0FEED270CDD2D0025A5D9 /* PBXTargetDependency */,
			);
			name = TensaiTests;
			productName = TensaiTests;
			productReference = 30B0FEE8270CDD2D0025A5D9 /* TensaiTests.xctest */;
			productType = "com.apple.product-type.bundle.unit-test";
		};
/* End PBXNativeTarget section */

/* Begin PBXProject section */
		304DA4EC2707719200D4229C /* Project object */ = {
			isa = PBXProject;
			attributes = {
				BuildIndependentTargetsInParallel = 1;
				LastSwiftUpdateCheck = 1300;
				LastUpgradeCheck = 1300;
				TargetAttributes = {
					304DA4F32707719200D4229C = {
						CreatedOnToolsVersion = 13.0;
					};
					30B0FEE7270CDD2D0025A5D9 = {
						CreatedOnToolsVersion = 13.0;
						TestTargetID = 304DA4F32707719200D4229C;
					};
				};
			};
			buildConfigurationList = 304DA4EF2707719200D4229C /* Build configuration list for PBXProject "Tensai" */;
			compatibilityVersion = "Xcode 13.0";
			developmentRegion = en;
			hasScannedForEncodings = 0;
			knownRegions = (
				en,
				Base,
			);
			mainGroup = 304DA4EB2707719200D4229C;
			productRefGroup = 304DA4F52707719200D4229C /* Products */;
			projectDirPath = "";
			projectRoot = "";
			targets = (
				304DA4F32707719200D4229C /* Tensai */,
				30B0FEE7270CDD2D0025A5D9 /* TensaiTests */,
			);
		};
/* End PBXProject section */

/* Begin PBXResourcesBuildPhase section */
		304DA4F22707719200D4229C /* Resources */ = {
			isa = PBXResourcesBuildPhase;
			buildActionMask = 2147483647;
			files = (
				304DA4FC2707719500D4229C /* Assets.xcassets in Resources */,
				304DA4FF2707719500D4229C /* Preview Assets.xcassets in Resources */,
				304DA50A2707C85500D4229C /* LaunchScreen.storyboard in Resources */,
			);
			runOnlyForDeploymentPostprocessing = 0;
		};
		30B0FEE6270CDD2D0025A5D9 /* Resources */ = {
			isa = PBXResourcesBuildPhase;
			buildActionMask = 2147483647;
			files = (
			);
			runOnlyForDeploymentPostprocessing = 0;
		};
/* End PBXResourcesBuildPhase section */

/* Begin PBXSourcesBuildPhase section */
		304DA4F02707719200D4229C /* Sources */ = {
			isa = PBXSourcesBuildPhase;
			buildActionMask = 2147483647;
			files = (
				304DA4F82707719200D4229C /* TensaiApp.swift in Sources */,
				30B0FEE3270CDA230025A5D9 /* String+HTMLDecoded.swift in Sources */,
				30B0FEE1270CB7B30025A5D9 /* OpenTriviaDB.swift in Sources */,
				304DA4FA2707719200D4229C /* ContentView.swift in Sources */,
			);
			runOnlyForDeploymentPostprocessing = 0;
		};
		30B0FEE4270CDD2D0025A5D9 /* Sources */ = {
			isa = PBXSourcesBuildPhase;
			buildActionMask = 2147483647;
			files = (
				30B0FEEB270CDD2D0025A5D9 /* HTMLDecodingTests.swift in Sources */,
			);
			runOnlyForDeploymentPostprocessing = 0;
		};
/* End PBXSourcesBuildPhase section */

/* Begin PBXTargetDependency section */
		30B0FEED270CDD2D0025A5D9 /* PBXTargetDependency */ = {
			isa = PBXTargetDependency;
			target = 304DA4F32707719200D4229C /* Tensai */;
			targetProxy = 30B0FEEC270CDD2D0025A5D9 /* PBXContainerItemProxy */;
		};
/* End PBXTargetDependency section */

/* Begin XCBuildConfiguration section */
		304DA5002707719500D4229C /* Debug */ = {
			isa = XCBuildConfiguration;
			buildSettings = {
				ALWAYS_SEARCH_USER_PATHS = NO;
				CLANG_ANALYZER_NONNULL = YES;
				CLANG_ANALYZER_NUMBER_OBJECT_CONVERSION = YES_AGGRESSIVE;
				CLANG_CXX_LANGUAGE_STANDARD = "gnu++17";
				CLANG_CXX_LIBRARY = "libc++";
				CLANG_ENABLE_MODULES = YES;
				CLANG_ENABLE_OBJC_ARC = YES;
				CLANG_ENABLE_OBJC_WEAK = YES;
				CLANG_WARN_BLOCK_CAPTURE_AUTORELEASING = YES;
				CLANG_WARN_BOOL_CONVERSION = YES;
				CLANG_WARN_COMMA = YES;
				CLANG_WARN_CONSTANT_CONVERSION = YES;
				CLANG_WARN_DEPRECATED_OBJC_IMPLEMENTATIONS = YES;
				CLANG_WARN_DIRECT_OBJC_ISA_USAGE = YES_ERROR;
				CLANG_WARN_DOCUMENTATION_COMMENTS = YES;
				CLANG_WARN_EMPTY_BODY = YES;
				CLANG_WARN_ENUM_CONVERSION = YES;
				CLANG_WARN_INFINITE_RECURSION = YES;
				CLANG_WARN_INT_CONVERSION = YES;
				CLANG_WARN_NON_LITERAL_NULL_CONVERSION = YES;
				CLANG_WARN_OBJC_IMPLICIT_RETAIN_SELF = YES;
				CLANG_WARN_OBJC_LITERAL_CONVERSION = YES;
				CLANG_WARN_OBJC_ROOT_CLASS = YES_ERROR;
				CLANG_WARN_QUOTED_INCLUDE_IN_FRAMEWORK_HEADER = YES;
				CLANG_WARN_RANGE_LOOP_ANALYSIS = YES;
				CLANG_WARN_STRICT_PROTOTYPES = YES;
				CLANG_WARN_SUSPICIOUS_MOVE = YES;
				CLANG_WARN_UNGUARDED_AVAILABILITY = YES_AGGRESSIVE;
				CLANG_WARN_UNREACHABLE_CODE = YES;
				CLANG_WARN__DUPLICATE_METHOD_MATCH = YES;
				COPY_PHASE_STRIP = NO;
				DEBUG_INFORMATION_FORMAT = dwarf;
				ENABLE_STRICT_OBJC_MSGSEND = YES;
				ENABLE_TESTABILITY = YES;
				GCC_C_LANGUAGE_STANDARD = gnu11;
				GCC_DYNAMIC_NO_PIC = NO;
				GCC_NO_COMMON_BLOCKS = YES;
				GCC_OPTIMIZATION_LEVEL = 0;
				GCC_PREPROCESSOR_DEFINITIONS = (
					"DEBUG=1",
					"$(inherited)",
				);
				GCC_WARN_64_TO_32_BIT_CONVERSION = YES;
				GCC_WARN_ABOUT_RETURN_TYPE = YES_ERROR;
				GCC_WARN_UNDECLARED_SELECTOR = YES;
				GCC_WARN_UNINITIALIZED_AUTOS = YES_AGGRESSIVE;
				GCC_WARN_UNUSED_FUNCTION = YES;
				GCC_WARN_UNUSED_VARIABLE = YES;
				IPHONEOS_DEPLOYMENT_TARGET = 15.0;
				MTL_ENABLE_DEBUG_INFO = INCLUDE_SOURCE;
				MTL_FAST_MATH = YES;
				ONLY_ACTIVE_ARCH = YES;
				SDKROOT = iphoneos;
				SWIFT_ACTIVE_COMPILATION_CONDITIONS = DEBUG;
				SWIFT_OPTIMIZATION_LEVEL = "-Onone";
			};
			name = Debug;
		};
		304DA5012707719500D4229C /* Release */ = {
			isa = XCBuildConfiguration;
			buildSettings = {
				ALWAYS_SEARCH_USER_PATHS = NO;
				CLANG_ANALYZER_NONNULL = YES;
				CLANG_ANALYZER_NUMBER_OBJECT_CONVERSION = YES_AGGRESSIVE;
				CLANG_CXX_LANGUAGE_STANDARD = "gnu++17";
				CLANG_CXX_LIBRARY = "libc++";
				CLANG_ENABLE_MODULES = YES;
				CLANG_ENABLE_OBJC_ARC = YES;
				CLANG_ENABLE_OBJC_WEAK = YES;
				CLANG_WARN_BLOCK_CAPTURE_AUTORELEASING = YES;
				CLANG_WARN_BOOL_CONVERSION = YES;
				CLANG_WARN_COMMA = YES;
				CLANG_WARN_CONSTANT_CONVERSION = YES;
				CLANG_WARN_DEPRECATED_OBJC_IMPLEMENTATIONS = YES;
				CLANG_WARN_DIRECT_OBJC_ISA_USAGE = YES_ERROR;
				CLANG_WARN_DOCUMENTATION_COMMENTS = YES;
				CLANG_WARN_EMPTY_BODY = YES;
				CLANG_WARN_ENUM_CONVERSION = YES;
				CLANG_WARN_INFINITE_RECURSION = YES;
				CLANG_WARN_INT_CONVERSION = YES;
				CLANG_WARN_NON_LITERAL_NULL_CONVERSION = YES;
				CLANG_WARN_OBJC_IMPLICIT_RETAIN_SELF = YES;
				CLANG_WARN_OBJC_LITERAL_CONVERSION = YES;
				CLANG_WARN_OBJC_ROOT_CLASS = YES_ERROR;
				CLANG_WARN_QUOTED_INCLUDE_IN_FRAMEWORK_HEADER = YES;
				CLANG_WARN_RANGE_LOOP_ANALYSIS = YES;
				CLANG_WARN_STRICT_PROTOTYPES = YES;
				CLANG_WARN_SUSPICIOUS_MOVE = YES;
				CLANG_WARN_UNGUARDED_AVAILABILITY = YES_AGGRESSIVE;
				CLANG_WARN_UNREACHABLE_CODE = YES;
				CLANG_WARN__DUPLICATE_METHOD_MATCH = YES;
				COPY_PHASE_STRIP = NO;
				DEBUG_INFORMATION_FORMAT = "dwarf-with-dsym";
				ENABLE_NS_ASSERTIONS = NO;
				ENABLE_STRICT_OBJC_MSGSEND = YES;
				GCC_C_LANGUAGE_STANDARD = gnu11;
				GCC_NO_COMMON_BLOCKS = YES;
				GCC_WARN_64_TO_32_BIT_CONVERSION = YES;
				GCC_WARN_ABOUT_RETURN_TYPE = YES_ERROR;
				GCC_WARN_UNDECLARED_SELECTOR = YES;
				GCC_WARN_UNINITIALIZED_AUTOS = YES_AGGRESSIVE;
				GCC_WARN_UNUSED_FUNCTION = YES;
				GCC_WARN_UNUSED_VARIABLE = YES;
				IPHONEOS_DEPLOYMENT_TARGET = 15.0;
				MTL_ENABLE_DEBUG_INFO = NO;
				MTL_FAST_MATH = YES;
				SDKROOT = iphoneos;
				SWIFT_COMPILATION_MODE = wholemodule;
				SWIFT_OPTIMIZATION_LEVEL = "-O";
				VALIDATE_PRODUCT = YES;
			};
			name = Release;
		};
		304DA5032707719500D4229C /* Debug */ = {
			isa = XCBuildConfiguration;
			buildSettings = {
				ASSETCATALOG_COMPILER_APPICON_NAME = AppIcon;
				ASSETCATALOG_COMPILER_GLOBAL_ACCENT_COLOR_NAME = AccentColor;
				CODE_SIGN_STYLE = Automatic;
				CURRENT_PROJECT_VERSION = 1;
				DEVELOPMENT_ASSET_PATHS = "\"Tensai/Preview Content\"";
				DEVELOPMENT_TEAM = R6U5GZ53KJ;
				ENABLE_PREVIEWS = YES;
				GENERATE_INFOPLIST_FILE = YES;
				INFOPLIST_FILE = Tensai/Info.plist;
				INFOPLIST_KEY_UIApplicationSupportsIndirectInputEvents = YES;
				INFOPLIST_KEY_UILaunchScreen_Generation = YES;
				INFOPLIST_KEY_UILaunchStoryboardName = LaunchScreen;
				INFOPLIST_KEY_UISupportedInterfaceOrientations = UIInterfaceOrientationPortrait;
				INFOPLIST_KEY_UISupportedInterfaceOrientations_iPad = "UIInterfaceOrientationPortrait UIInterfaceOrientationPortraitUpsideDown UIInterfaceOrientationLandscapeLeft UIInterfaceOrientationLandscapeRight";
				INFOPLIST_KEY_UISupportedInterfaceOrientations_iPhone = UIInterfaceOrientationPortrait;
				IPHONEOS_DEPLOYMENT_TARGET = 15.0;
				LD_RUNPATH_SEARCH_PATHS = (
					"$(inherited)",
					"@executable_path/Frameworks",
				);
				MARKETING_VERSION = 0.2.0;
				PRODUCT_BUNDLE_IDENTIFIER = io.github.kristorres.Tensai;
				PRODUCT_NAME = "$(TARGET_NAME)";
				SWIFT_EMIT_LOC_STRINGS = YES;
				SWIFT_VERSION = 5.0;
				TARGETED_DEVICE_FAMILY = "1,2";
			};
			name = Debug;
		};
		304DA5042707719500D4229C /* Release */ = {
			isa = XCBuildConfiguration;
			buildSettings = {
				ASSETCATALOG_COMPILER_APPICON_NAME = AppIcon;
				ASSETCATALOG_COMPILER_GLOBAL_ACCENT_COLOR_NAME = AccentColor;
				CODE_SIGN_STYLE = Automatic;
				CURRENT_PROJECT_VERSION = 1;
				DEVELOPMENT_ASSET_PATHS = "\"Tensai/Preview Content\"";
				DEVELOPMENT_TEAM = R6U5GZ53KJ;
				ENABLE_PREVIEWS = YES;
				GENERATE_INFOPLIST_FILE = YES;
				INFOPLIST_FILE = Tensai/Info.plist;
				INFOPLIST_KEY_UIApplicationSupportsIndirectInputEvents = YES;
				INFOPLIST_KEY_UILaunchScreen_Generation = YES;
				INFOPLIST_KEY_UILaunchStoryboardName = LaunchScreen;
				INFOPLIST_KEY_UISupportedInterfaceOrientations = UIInterfaceOrientationPortrait;
				INFOPLIST_KEY_UISupportedInterfaceOrientations_iPad = "UIInterfaceOrientationPortrait UIInterfaceOrientationPortraitUpsideDown UIInterfaceOrientationLandscapeLeft UIInterfaceOrientationLandscapeRight";
				INFOPLIST_KEY_UISupportedInterfaceOrientations_iPhone = UIInterfaceOrientationPortrait;
				IPHONEOS_DEPLOYMENT_TARGET = 15.0;
				LD_RUNPATH_SEARCH_PATHS = (
					"$(inherited)",
					"@executable_path/Frameworks",
				);
				MARKETING_VERSION = 0.2.0;
				PRODUCT_BUNDLE_IDENTIFIER = io.github.kristorres.Tensai;
				PRODUCT_NAME = "$(TARGET_NAME)";
				SWIFT_EMIT_LOC_STRINGS = YES;
				SWIFT_VERSION = 5.0;
				TARGETED_DEVICE_FAMILY = "1,2";
			};
			name = Release;
		};
		30B0FEEF270CDD2D0025A5D9 /* Debug */ = {
			isa = XCBuildConfiguration;
			buildSettings = {
				BUNDLE_LOADER = "$(TEST_HOST)";
				CODE_SIGN_STYLE = Automatic;
				CURRENT_PROJECT_VERSION = 1;
				DEVELOPMENT_TEAM = R6U5GZ53KJ;
				GENERATE_INFOPLIST_FILE = YES;
				LD_RUNPATH_SEARCH_PATHS = (
					"$(inherited)",
					"@executable_path/Frameworks",
					"@loader_path/Frameworks",
				);
				MARKETING_VERSION = 1.0;
				PRODUCT_BUNDLE_IDENTIFIER = io.github.kristorres.TensaiTests;
				PRODUCT_NAME = "$(TARGET_NAME)";
				SWIFT_EMIT_LOC_STRINGS = NO;
				SWIFT_VERSION = 5.0;
				TARGETED_DEVICE_FAMILY = "1,2";
				TEST_HOST = "$(BUILT_PRODUCTS_DIR)/Tensai.app/Tensai";
			};
			name = Debug;
		};
		30B0FEF0270CDD2D0025A5D9 /* Release */ = {
			isa = XCBuildConfiguration;
			buildSettings = {
				BUNDLE_LOADER = "$(TEST_HOST)";
				CODE_SIGN_STYLE = Automatic;
				CURRENT_PROJECT_VERSION = 1;
				DEVELOPMENT_TEAM = R6U5GZ53KJ;
				GENERATE_INFOPLIST_FILE = YES;
				LD_RUNPATH_SEARCH_PATHS = (
					"$(inherited)",
					"@executable_path/Frameworks",
					"@loader_path/Frameworks",
				);
				MARKETING_VERSION = 1.0;
				PRODUCT_BUNDLE_IDENTIFIER = io.github.kristorres.TensaiTests;
				PRODUCT_NAME = "$(TARGET_NAME)";
				SWIFT_EMIT_LOC_STRINGS = NO;
				SWIFT_VERSION = 5.0;
				TARGETED_DEVICE_FAMILY = "1,2";
				TEST_HOST = "$(BUILT_PRODUCTS_DIR)/Tensai.app/Tensai";
			};
			name = Release;
		};
/* End XCBuildConfiguration section */

/* Begin XCConfigurationList section */
		304DA4EF2707719200D4229C /* Build configuration list for PBXProject "Tensai" */ = {
			isa = XCConfigurationList;
			buildConfigurations = (
				304DA5002707719500D4229C /* Debug */,
				304DA5012707719500D4229C /* Release */,
			);
			defaultConfigurationIsVisible = 0;
			defaultConfigurationName = Release;
		};
		304DA5022707719500D4229C /* Build configuration list for PBXNativeTarget "Tensai" */ = {
			isa = XCConfigurationList;
			buildConfigurations = (
				304DA5032707719500D4229C /* Debug */,
				304DA5042707719500D4229C /* Release */,
			);
			defaultConfigurationIsVisible = 0;
			defaultConfigurationName = Release;
		};
		30B0FEEE270CDD2D0025A5D9 /* Build configuration list for PBXNativeTarget "TensaiTests" */ = {
			isa = XCConfigurationList;
			buildConfigurations = (
				30B0FEEF270CDD2D0025A5D9 /* Debug */,
				30B0FEF0270CDD2D0025A5D9 /* Release */,
			);
			defaultConfigurationIsVisible = 0;
			defaultConfigurationName = Release;
		};
/* End XCConfigurationList section */
	};
	rootObject = 304DA4EC2707719200D4229C /* Project object */;
}
