// !$*UTF8*$!
{
	archiveVersion = 1;
	classes = {
	};
	objectVersion = 50;
	objects = {

/* Begin PBXBuildFile section */
		3013E1E7255FB49F00C2B2FB /* APIRequest.swift in Sources */ = {isa = PBXBuildFile; fileRef = 3013E1E6255FB49F00C2B2FB /* APIRequest.swift */; };
		3013E1EB255FBA6600C2B2FB /* APIRequestLoader.swift in Sources */ = {isa = PBXBuildFile; fileRef = 3013E1EA255FBA6600C2B2FB /* APIRequestLoader.swift */; };
		3013E1EF2560E33200C2B2FB /* TriviaQuizRequest.swift in Sources */ = {isa = PBXBuildFile; fileRef = 3013E1EE2560E33200C2B2FB /* TriviaQuizRequest.swift */; };
		3013E1F62560E65400C2B2FB /* TriviaQuizRequestTests.swift in Sources */ = {isa = PBXBuildFile; fileRef = 3013E1F52560E65400C2B2FB /* TriviaQuizRequestTests.swift */; };
		3013E1FF2560F83200C2B2FB /* john_carpenter_millionaire.json in Resources */ = {isa = PBXBuildFile; fileRef = 3013E1FE2560F83200C2B2FB /* john_carpenter_millionaire.json */; };
		30168BF42580732900FB65B9 /* TriviaQuiz.swift in Sources */ = {isa = PBXBuildFile; fileRef = 30168BF32580732900FB65B9 /* TriviaQuiz.swift */; };
		301F0ACE253A60A8000C6439 /* TensaiApp.swift in Sources */ = {isa = PBXBuildFile; fileRef = 301F0ACD253A60A8000C6439 /* TensaiApp.swift */; };
		301F0AD0253A60A8000C6439 /* RootView.swift in Sources */ = {isa = PBXBuildFile; fileRef = 301F0ACF253A60A8000C6439 /* RootView.swift */; };
		301F0AD2253A60A9000C6439 /* Assets.xcassets in Resources */ = {isa = PBXBuildFile; fileRef = 301F0AD1253A60A9000C6439 /* Assets.xcassets */; };
		301F0AD5253A60A9000C6439 /* Preview Assets.xcassets in Resources */ = {isa = PBXBuildFile; fileRef = 301F0AD4253A60A9000C6439 /* Preview Assets.xcassets */; };
		30372823259BB14900A866D4 /* DevicePreviewGroup.swift in Sources */ = {isa = PBXBuildFile; fileRef = 30372822259BB14900A866D4 /* DevicePreviewGroup.swift */; };
		30372831259BE9B700A866D4 /* NetworkError.swift in Sources */ = {isa = PBXBuildFile; fileRef = 30372830259BE9B700A866D4 /* NetworkError.swift */; };
		30372837259C02F800A866D4 /* LoadingView.swift in Sources */ = {isa = PBXBuildFile; fileRef = 30372836259C02F800A866D4 /* LoadingView.swift */; };
		303E5949259D2EFC00B65183 /* ErrorAlert.swift in Sources */ = {isa = PBXBuildFile; fileRef = 303E5948259D2EFC00B65183 /* ErrorAlert.swift */; };
		304598C02564515400635005 /* APILoaderTests.swift in Sources */ = {isa = PBXBuildFile; fileRef = 304598BF2564515400635005 /* APILoaderTests.swift */; };
		304598CA256A312200635005 /* TriviaQuizConfigView.swift in Sources */ = {isa = PBXBuildFile; fileRef = 304598C9256A312200635005 /* TriviaQuizConfigView.swift */; };
		30595DC225A127AF00456E16 /* TriviaQuizResultView.swift in Sources */ = {isa = PBXBuildFile; fileRef = 30595DC125A127AE00456E16 /* TriviaQuizResultView.swift */; };
		306E7543254E2AE9004145A6 /* TriviaQuizConfig.swift in Sources */ = {isa = PBXBuildFile; fileRef = 306E7542254E2AE9004145A6 /* TriviaQuizConfig.swift */; };
		307695A0254367410028E1E7 /* ViewRouter.swift in Sources */ = {isa = PBXBuildFile; fileRef = 3076959F254367410028E1E7 /* ViewRouter.swift */; };
		307695A525439DD30028E1E7 /* HBarPicker.swift in Sources */ = {isa = PBXBuildFile; fileRef = 307695A425439DD30028E1E7 /* HBarPicker.swift */; };
		308D521B258977560021A735 /* TriviaQuizTests.swift in Sources */ = {isa = PBXBuildFile; fileRef = 308D521A258977560021A735 /* TriviaQuizTests.swift */; };
		308D5221258986630021A735 /* TriviaQuizRound.swift in Sources */ = {isa = PBXBuildFile; fileRef = 308D5220258986630021A735 /* TriviaQuizRound.swift */; };
		308D5227258991910021A735 /* TriviaQuizView.swift in Sources */ = {isa = PBXBuildFile; fileRef = 308D5226258991910021A735 /* TriviaQuizView.swift */; };
		30A04E372553BC54009C9695 /* TriviaQuizConfigTests.swift in Sources */ = {isa = PBXBuildFile; fileRef = 30A04E362553BC54009C9695 /* TriviaQuizConfigTests.swift */; };
		30A04E472556153C009C9695 /* OTDQuestion.swift in Sources */ = {isa = PBXBuildFile; fileRef = 30A04E462556153C009C9695 /* OTDQuestion.swift */; };
		30A04E4E25573717009C9695 /* OpenTriviaDatabaseResponse.swift in Sources */ = {isa = PBXBuildFile; fileRef = 30A04E4D25573717009C9695 /* OpenTriviaDatabaseResponse.swift */; };
		30E757BE257B061200CC1F53 /* NoCaching.swift in Sources */ = {isa = PBXBuildFile; fileRef = 30E757BD257B061200CC1F53 /* NoCaching.swift */; };
		30F078DC253E49F600D7A912 /* LaunchScreen.storyboard in Resources */ = {isa = PBXBuildFile; fileRef = 30F078DB253E49F600D7A912 /* LaunchScreen.storyboard */; };
/* End PBXBuildFile section */

/* Begin PBXContainerItemProxy section */
		30A04E392553BC54009C9695 /* PBXContainerItemProxy */ = {
			isa = PBXContainerItemProxy;
			containerPortal = 301F0AC2253A60A8000C6439 /* Project object */;
			proxyType = 1;
			remoteGlobalIDString = 301F0AC9253A60A8000C6439;
			remoteInfo = Tensai;
		};
/* End PBXContainerItemProxy section */

/* Begin PBXFileReference section */
		3013E1E6255FB49F00C2B2FB /* APIRequest.swift */ = {isa = PBXFileReference; lastKnownFileType = sourcecode.swift; path = APIRequest.swift; sourceTree = "<group>"; };
		3013E1EA255FBA6600C2B2FB /* APIRequestLoader.swift */ = {isa = PBXFileReference; lastKnownFileType = sourcecode.swift; path = APIRequestLoader.swift; sourceTree = "<group>"; };
		3013E1EE2560E33200C2B2FB /* TriviaQuizRequest.swift */ = {isa = PBXFileReference; lastKnownFileType = sourcecode.swift; path = TriviaQuizRequest.swift; sourceTree = "<group>"; };
		3013E1F52560E65400C2B2FB /* TriviaQuizRequestTests.swift */ = {isa = PBXFileReference; lastKnownFileType = sourcecode.swift; path = TriviaQuizRequestTests.swift; sourceTree = "<group>"; };
		3013E1FE2560F83200C2B2FB /* john_carpenter_millionaire.json */ = {isa = PBXFileReference; lastKnownFileType = text.json; path = john_carpenter_millionaire.json; sourceTree = "<group>"; };
		30168BF32580732900FB65B9 /* TriviaQuiz.swift */ = {isa = PBXFileReference; lastKnownFileType = sourcecode.swift; path = TriviaQuiz.swift; sourceTree = "<group>"; };
		301F0ACA253A60A8000C6439 /* Tensai.app */ = {isa = PBXFileReference; explicitFileType = wrapper.application; includeInIndex = 0; path = Tensai.app; sourceTree = BUILT_PRODUCTS_DIR; };
		301F0ACD253A60A8000C6439 /* TensaiApp.swift */ = {isa = PBXFileReference; lastKnownFileType = sourcecode.swift; path = TensaiApp.swift; sourceTree = "<group>"; };
		301F0ACF253A60A8000C6439 /* RootView.swift */ = {isa = PBXFileReference; lastKnownFileType = sourcecode.swift; path = RootView.swift; sourceTree = "<group>"; };
		301F0AD1253A60A9000C6439 /* Assets.xcassets */ = {isa = PBXFileReference; lastKnownFileType = folder.assetcatalog; path = Assets.xcassets; sourceTree = "<group>"; };
		301F0AD4253A60A9000C6439 /* Preview Assets.xcassets */ = {isa = PBXFileReference; lastKnownFileType = folder.assetcatalog; path = "Preview Assets.xcassets"; sourceTree = "<group>"; };
		301F0AD6253A60A9000C6439 /* Info.plist */ = {isa = PBXFileReference; lastKnownFileType = text.plist.xml; path = Info.plist; sourceTree = "<group>"; };
		301F0ADF253A6314000C6439 /* .gitignore */ = {isa = PBXFileReference; lastKnownFileType = text; path = .gitignore; sourceTree = "<group>"; };
		301F0AE0253A641D000C6439 /* Brainstorm.pdf */ = {isa = PBXFileReference; lastKnownFileType = image.pdf; path = Brainstorm.pdf; sourceTree = "<group>"; };
		301F0AE1253A649E000C6439 /* README.md */ = {isa = PBXFileReference; lastKnownFileType = net.daringfireball.markdown; path = README.md; sourceTree = "<group>"; };
		30372822259BB14900A866D4 /* DevicePreviewGroup.swift */ = {isa = PBXFileReference; lastKnownFileType = sourcecode.swift; path = DevicePreviewGroup.swift; sourceTree = "<group>"; };
		30372830259BE9B700A866D4 /* NetworkError.swift */ = {isa = PBXFileReference; lastKnownFileType = sourcecode.swift; path = NetworkError.swift; sourceTree = "<group>"; };
		30372836259C02F800A866D4 /* LoadingView.swift */ = {isa = PBXFileReference; lastKnownFileType = sourcecode.swift; path = LoadingView.swift; sourceTree = "<group>"; };
		303E5948259D2EFC00B65183 /* ErrorAlert.swift */ = {isa = PBXFileReference; lastKnownFileType = sourcecode.swift; path = ErrorAlert.swift; sourceTree = "<group>"; };
		304598BF2564515400635005 /* APILoaderTests.swift */ = {isa = PBXFileReference; lastKnownFileType = sourcecode.swift; path = APILoaderTests.swift; sourceTree = "<group>"; };
		304598C9256A312200635005 /* TriviaQuizConfigView.swift */ = {isa = PBXFileReference; lastKnownFileType = sourcecode.swift; path = TriviaQuizConfigView.swift; sourceTree = "<group>"; };
		30594E76256DA3800084DDC6 /* start_a_new_quiz.png */ = {isa = PBXFileReference; lastKnownFileType = image.png; path = start_a_new_quiz.png; sourceTree = "<group>"; };
		30595DC125A127AE00456E16 /* TriviaQuizResultView.swift */ = {isa = PBXFileReference; lastKnownFileType = sourcecode.swift; path = TriviaQuizResultView.swift; sourceTree = "<group>"; };
		30595DC825A2AB6900456E16 /* trivia_quiz_result.png */ = {isa = PBXFileReference; lastKnownFileType = image.png; path = trivia_quiz_result.png; sourceTree = "<group>"; };
		306E7542254E2AE9004145A6 /* TriviaQuizConfig.swift */ = {isa = PBXFileReference; lastKnownFileType = sourcecode.swift; path = TriviaQuizConfig.swift; sourceTree = "<group>"; };
		3076959F254367410028E1E7 /* ViewRouter.swift */ = {isa = PBXFileReference; lastKnownFileType = sourcecode.swift; path = ViewRouter.swift; sourceTree = "<group>"; };
		307695A425439DD30028E1E7 /* HBarPicker.swift */ = {isa = PBXFileReference; lastKnownFileType = sourcecode.swift; path = HBarPicker.swift; sourceTree = "<group>"; };
		308D521A258977560021A735 /* TriviaQuizTests.swift */ = {isa = PBXFileReference; lastKnownFileType = sourcecode.swift; path = TriviaQuizTests.swift; sourceTree = "<group>"; };
		308D5220258986630021A735 /* TriviaQuizRound.swift */ = {isa = PBXFileReference; lastKnownFileType = sourcecode.swift; path = TriviaQuizRound.swift; sourceTree = "<group>"; };
		308D5226258991910021A735 /* TriviaQuizView.swift */ = {isa = PBXFileReference; lastKnownFileType = sourcecode.swift; path = TriviaQuizView.swift; sourceTree = "<group>"; };
		308D524D258C2D8B0021A735 /* trivia_quiz.png */ = {isa = PBXFileReference; lastKnownFileType = image.png; path = trivia_quiz.png; sourceTree = "<group>"; };
		30A04E342553BC54009C9695 /* TensaiTests.xctest */ = {isa = PBXFileReference; explicitFileType = wrapper.cfbundle; includeInIndex = 0; path = TensaiTests.xctest; sourceTree = BUILT_PRODUCTS_DIR; };
		30A04E362553BC54009C9695 /* TriviaQuizConfigTests.swift */ = {isa = PBXFileReference; lastKnownFileType = sourcecode.swift; path = TriviaQuizConfigTests.swift; sourceTree = "<group>"; };
		30A04E382553BC54009C9695 /* Info.plist */ = {isa = PBXFileReference; lastKnownFileType = text.plist.xml; path = Info.plist; sourceTree = "<group>"; };
		30A04E462556153C009C9695 /* OTDQuestion.swift */ = {isa = PBXFileReference; lastKnownFileType = sourcecode.swift; path = OTDQuestion.swift; sourceTree = "<group>"; };
		30A04E4D25573717009C9695 /* OpenTriviaDatabaseResponse.swift */ = {isa = PBXFileReference; lastKnownFileType = sourcecode.swift; path = OpenTriviaDatabaseResponse.swift; sourceTree = "<group>"; };
		30E757BD257B061200CC1F53 /* NoCaching.swift */ = {isa = PBXFileReference; lastKnownFileType = sourcecode.swift; path = NoCaching.swift; sourceTree = "<group>"; };
		30F078DB253E49F600D7A912 /* LaunchScreen.storyboard */ = {isa = PBXFileReference; fileEncoding = 4; lastKnownFileType = file.storyboard; path = LaunchScreen.storyboard; sourceTree = "<group>"; };
/* End PBXFileReference section */

/* Begin PBXFrameworksBuildPhase section */
		301F0AC7253A60A8000C6439 /* Frameworks */ = {
			isa = PBXFrameworksBuildPhase;
			buildActionMask = 2147483647;
			files = (
			);
			runOnlyForDeploymentPostprocessing = 0;
		};
		30A04E312553BC54009C9695 /* Frameworks */ = {
			isa = PBXFrameworksBuildPhase;
			buildActionMask = 2147483647;
			files = (
			);
			runOnlyForDeploymentPostprocessing = 0;
		};
/* End PBXFrameworksBuildPhase section */

/* Begin PBXGroup section */
		3013E1F42560E5F700C2B2FB /* Networking Tests */ = {
			isa = PBXGroup;
			children = (
				304598BF2564515400635005 /* APILoaderTests.swift */,
				3013E1F52560E65400C2B2FB /* TriviaQuizRequestTests.swift */,
			);
			path = "Networking Tests";
			sourceTree = "<group>";
		};
		301F0AC1253A60A8000C6439 = {
			isa = PBXGroup;
			children = (
				301F0AE0253A641D000C6439 /* Brainstorm.pdf */,
				301F0AE1253A649E000C6439 /* README.md */,
				301F0ADF253A6314000C6439 /* .gitignore */,
				30594E74256DA2B30084DDC6 /* Screenshots */,
				301F0ACC253A60A8000C6439 /* Tensai */,
				30A04E352553BC54009C9695 /* TensaiTests */,
				301F0ACB253A60A8000C6439 /* Products */,
			);
			sourceTree = "<group>";
		};
		301F0ACB253A60A8000C6439 /* Products */ = {
			isa = PBXGroup;
			children = (
				301F0ACA253A60A8000C6439 /* Tensai.app */,
				30A04E342553BC54009C9695 /* TensaiTests.xctest */,
			);
			name = Products;
			sourceTree = "<group>";
		};
		301F0ACC253A60A8000C6439 /* Tensai */ = {
			isa = PBXGroup;
			children = (
				303E5948259D2EFC00B65183 /* ErrorAlert.swift */,
				301F0ACD253A60A8000C6439 /* TensaiApp.swift */,
				3076959F254367410028E1E7 /* ViewRouter.swift */,
				30A04E4525561457009C9695 /* Models */,
				3076959E254366DA0028E1E7 /* View Models */,
				301F0AE3253A67B9000C6439 /* Views */,
				303E595A259D77C700B65183 /* Storage */,
				30A04E4C25573683009C9695 /* Networking */,
				30FC5568253BFFC900AB3606 /* Supporting Files */,
				301F0AD3253A60A9000C6439 /* Preview Content */,
			);
			path = Tensai;
			sourceTree = "<group>";
		};
		301F0AD3253A60A9000C6439 /* Preview Content */ = {
			isa = PBXGroup;
			children = (
				301F0AD4253A60A9000C6439 /* Preview Assets.xcassets */,
			);
			path = "Preview Content";
			sourceTree = "<group>";
		};
		301F0AE3253A67B9000C6439 /* Views */ = {
			isa = PBXGroup;
			children = (
				30372836259C02F800A866D4 /* LoadingView.swift */,
				301F0ACF253A60A8000C6439 /* RootView.swift */,
				304598C9256A312200635005 /* TriviaQuizConfigView.swift */,
				30595DC125A127AE00456E16 /* TriviaQuizResultView.swift */,
				308D5226258991910021A735 /* TriviaQuizView.swift */,
				307695A325439D780028E1E7 /* Controls */,
			);
			path = Views;
			sourceTree = "<group>";
		};
		303E595A259D77C700B65183 /* Storage */ = {
			isa = PBXGroup;
			children = (
				306E7542254E2AE9004145A6 /* TriviaQuizConfig.swift */,
			);
			path = Storage;
			sourceTree = "<group>";
		};
		30594E74256DA2B30084DDC6 /* Screenshots */ = {
			isa = PBXGroup;
			children = (
				30594E76256DA3800084DDC6 /* start_a_new_quiz.png */,
				308D524D258C2D8B0021A735 /* trivia_quiz.png */,
				30595DC825A2AB6900456E16 /* trivia_quiz_result.png */,
			);
			path = Screenshots;
			sourceTree = "<group>";
		};
		3076959E254366DA0028E1E7 /* View Models */ = {
			isa = PBXGroup;
			children = (
				308D5220258986630021A735 /* TriviaQuizRound.swift */,
			);
			path = "View Models";
			sourceTree = "<group>";
		};
		307695A325439D780028E1E7 /* Controls */ = {
			isa = PBXGroup;
			children = (
				307695A425439DD30028E1E7 /* HBarPicker.swift */,
			);
			path = Controls;
			sourceTree = "<group>";
		};
		308D5219258976BF0021A735 /* Model Tests */ = {
			isa = PBXGroup;
			children = (
				308D521A258977560021A735 /* TriviaQuizTests.swift */,
			);
			path = "Model Tests";
			sourceTree = "<group>";
		};
		30A04E352553BC54009C9695 /* TensaiTests */ = {
			isa = PBXGroup;
			children = (
				30A04E362553BC54009C9695 /* TriviaQuizConfigTests.swift */,
				308D5219258976BF0021A735 /* Model Tests */,
				3013E1F42560E5F700C2B2FB /* Networking Tests */,
				3013E1FE2560F83200C2B2FB /* john_carpenter_millionaire.json */,
				30A04E382553BC54009C9695 /* Info.plist */,
			);
			path = TensaiTests;
			sourceTree = "<group>";
		};
		30A04E4525561457009C9695 /* Models */ = {
			isa = PBXGroup;
			children = (
				30A04E462556153C009C9695 /* OTDQuestion.swift */,
				30168BF32580732900FB65B9 /* TriviaQuiz.swift */,
			);
			path = Models;
			sourceTree = "<group>";
		};
		30A04E4C25573683009C9695 /* Networking */ = {
			isa = PBXGroup;
			children = (
				3013E1E6255FB49F00C2B2FB /* APIRequest.swift */,
				3013E1EA255FBA6600C2B2FB /* APIRequestLoader.swift */,
				30372830259BE9B700A866D4 /* NetworkError.swift */,
				30E757BD257B061200CC1F53 /* NoCaching.swift */,
				30A04E4D25573717009C9695 /* OpenTriviaDatabaseResponse.swift */,
				3013E1EE2560E33200C2B2FB /* TriviaQuizRequest.swift */,
			);
			path = Networking;
			sourceTree = "<group>";
		};
		30FC5568253BFFC900AB3606 /* Supporting Files */ = {
			isa = PBXGroup;
			children = (
				301F0AD1253A60A9000C6439 /* Assets.xcassets */,
				30F078DB253E49F600D7A912 /* LaunchScreen.storyboard */,
				30372822259BB14900A866D4 /* DevicePreviewGroup.swift */,
				301F0AD6253A60A9000C6439 /* Info.plist */,
			);
			name = "Supporting Files";
			sourceTree = "<group>";
		};
/* End PBXGroup section */

/* Begin PBXNativeTarget section */
		301F0AC9253A60A8000C6439 /* Tensai */ = {
			isa = PBXNativeTarget;
			buildConfigurationList = 301F0AD9253A60A9000C6439 /* Build configuration list for PBXNativeTarget "Tensai" */;
			buildPhases = (
				301F0AC6253A60A8000C6439 /* Sources */,
				301F0AC7253A60A8000C6439 /* Frameworks */,
				301F0AC8253A60A8000C6439 /* Resources */,
			);
			buildRules = (
			);
			dependencies = (
			);
			name = Tensai;
			productName = Tensai;
			productReference = 301F0ACA253A60A8000C6439 /* Tensai.app */;
			productType = "com.apple.product-type.application";
		};
		30A04E332553BC54009C9695 /* TensaiTests */ = {
			isa = PBXNativeTarget;
			buildConfigurationList = 30A04E3B2553BC54009C9695 /* Build configuration list for PBXNativeTarget "TensaiTests" */;
			buildPhases = (
				30A04E302553BC54009C9695 /* Sources */,
				30A04E312553BC54009C9695 /* Frameworks */,
				30A04E322553BC54009C9695 /* Resources */,
			);
			buildRules = (
			);
			dependencies = (
				30A04E3A2553BC54009C9695 /* PBXTargetDependency */,
			);
			name = TensaiTests;
			productName = TensaiTests;
			productReference = 30A04E342553BC54009C9695 /* TensaiTests.xctest */;
			productType = "com.apple.product-type.bundle.unit-test";
		};
/* End PBXNativeTarget section */

/* Begin PBXProject section */
		301F0AC2253A60A8000C6439 /* Project object */ = {
			isa = PBXProject;
			attributes = {
				LastSwiftUpdateCheck = 1210;
				LastUpgradeCheck = 1200;
				TargetAttributes = {
					301F0AC9253A60A8000C6439 = {
						CreatedOnToolsVersion = 12.0.1;
					};
					30A04E332553BC54009C9695 = {
						CreatedOnToolsVersion = 12.1;
						TestTargetID = 301F0AC9253A60A8000C6439;
					};
				};
			};
			buildConfigurationList = 301F0AC5253A60A8000C6439 /* Build configuration list for PBXProject "Tensai" */;
			compatibilityVersion = "Xcode 9.3";
			developmentRegion = en;
			hasScannedForEncodings = 0;
			knownRegions = (
				en,
				Base,
			);
			mainGroup = 301F0AC1253A60A8000C6439;
			productRefGroup = 301F0ACB253A60A8000C6439 /* Products */;
			projectDirPath = "";
			projectRoot = "";
			targets = (
				301F0AC9253A60A8000C6439 /* Tensai */,
				30A04E332553BC54009C9695 /* TensaiTests */,
			);
		};
/* End PBXProject section */

/* Begin PBXResourcesBuildPhase section */
		301F0AC8253A60A8000C6439 /* Resources */ = {
			isa = PBXResourcesBuildPhase;
			buildActionMask = 2147483647;
			files = (
				301F0AD2253A60A9000C6439 /* Assets.xcassets in Resources */,
				301F0AD5253A60A9000C6439 /* Preview Assets.xcassets in Resources */,
				30F078DC253E49F600D7A912 /* LaunchScreen.storyboard in Resources */,
			);
			runOnlyForDeploymentPostprocessing = 0;
		};
		30A04E322553BC54009C9695 /* Resources */ = {
			isa = PBXResourcesBuildPhase;
			buildActionMask = 2147483647;
			files = (
				3013E1FF2560F83200C2B2FB /* john_carpenter_millionaire.json in Resources */,
			);
			runOnlyForDeploymentPostprocessing = 0;
		};
/* End PBXResourcesBuildPhase section */

/* Begin PBXSourcesBuildPhase section */
		301F0AC6253A60A8000C6439 /* Sources */ = {
			isa = PBXSourcesBuildPhase;
			buildActionMask = 2147483647;
			files = (
				301F0ACE253A60A8000C6439 /* TensaiApp.swift in Sources */,
				307695A0254367410028E1E7 /* ViewRouter.swift in Sources */,
				303E5949259D2EFC00B65183 /* ErrorAlert.swift in Sources */,
				30A04E472556153C009C9695 /* OTDQuestion.swift in Sources */,
				30168BF42580732900FB65B9 /* TriviaQuiz.swift in Sources */,
				308D5221258986630021A735 /* TriviaQuizRound.swift in Sources */,
				307695A525439DD30028E1E7 /* HBarPicker.swift in Sources */,
				30372837259C02F800A866D4 /* LoadingView.swift in Sources */,
				301F0AD0253A60A8000C6439 /* RootView.swift in Sources */,
				304598CA256A312200635005 /* TriviaQuizConfigView.swift in Sources */,
				308D5227258991910021A735 /* TriviaQuizView.swift in Sources */,
				30595DC225A127AF00456E16 /* TriviaQuizResultView.swift in Sources */,
				306E7543254E2AE9004145A6 /* TriviaQuizConfig.swift in Sources */,
				30A04E4E25573717009C9695 /* OpenTriviaDatabaseResponse.swift in Sources */,
				30372831259BE9B700A866D4 /* NetworkError.swift in Sources */,
				30E757BE257B061200CC1F53 /* NoCaching.swift in Sources */,
				3013E1E7255FB49F00C2B2FB /* APIRequest.swift in Sources */,
				3013E1EB255FBA6600C2B2FB /* APIRequestLoader.swift in Sources */,
				3013E1EF2560E33200C2B2FB /* TriviaQuizRequest.swift in Sources */,
				30372823259BB14900A866D4 /* DevicePreviewGroup.swift in Sources */,
			);
			runOnlyForDeploymentPostprocessing = 0;
		};
		30A04E302553BC54009C9695 /* Sources */ = {
			isa = PBXSourcesBuildPhase;
			buildActionMask = 2147483647;
			files = (
				30A04E372553BC54009C9695 /* TriviaQuizConfigTests.swift in Sources */,
				308D521B258977560021A735 /* TriviaQuizTests.swift in Sources */,
				304598C02564515400635005 /* APILoaderTests.swift in Sources */,
				3013E1F62560E65400C2B2FB /* TriviaQuizRequestTests.swift in Sources */,
			);
			runOnlyForDeploymentPostprocessing = 0;
		};
/* End PBXSourcesBuildPhase section */

/* Begin PBXTargetDependency section */
		30A04E3A2553BC54009C9695 /* PBXTargetDependency */ = {
			isa = PBXTargetDependency;
			target = 301F0AC9253A60A8000C6439 /* Tensai */;
			targetProxy = 30A04E392553BC54009C9695 /* PBXContainerItemProxy */;
		};
/* End PBXTargetDependency section */

/* Begin XCBuildConfiguration section */
		301F0AD7253A60A9000C6439 /* Debug */ = {
			isa = XCBuildConfiguration;
			buildSettings = {
				ALWAYS_SEARCH_USER_PATHS = NO;
				CLANG_ANALYZER_NONNULL = YES;
				CLANG_ANALYZER_NUMBER_OBJECT_CONVERSION = YES_AGGRESSIVE;
				CLANG_CXX_LANGUAGE_STANDARD = "gnu++14";
				CLANG_CXX_LIBRARY = "libc++";
				CLANG_ENABLE_MODULES = YES;
				CLANG_ENABLE_OBJC_ARC = YES;
				CLANG_ENABLE_OBJC_WEAK = YES;
				CLANG_WARN_BLOCK_CAPTURE_AUTORELEASING = YES;
				CLANG_WARN_BOOL_CONVERSION = YES;
				CLANG_WARN_COMMA = YES;
				CLANG_WARN_CONSTANT_CONVERSION = YES;
				CLANG_WARN_DEPRECATED_OBJC_IMPLEMENTATIONS = YES;
				CLANG_WARN_DIRECT_OBJC_ISA_USAGE = YES_ERROR;
				CLANG_WARN_DOCUMENTATION_COMMENTS = YES;
				CLANG_WARN_EMPTY_BODY = YES;
				CLANG_WARN_ENUM_CONVERSION = YES;
				CLANG_WARN_INFINITE_RECURSION = YES;
				CLANG_WARN_INT_CONVERSION = YES;
				CLANG_WARN_NON_LITERAL_NULL_CONVERSION = YES;
				CLANG_WARN_OBJC_IMPLICIT_RETAIN_SELF = YES;
				CLANG_WARN_OBJC_LITERAL_CONVERSION = YES;
				CLANG_WARN_OBJC_ROOT_CLASS = YES_ERROR;
				CLANG_WARN_QUOTED_INCLUDE_IN_FRAMEWORK_HEADER = YES;
				CLANG_WARN_RANGE_LOOP_ANALYSIS = YES;
				CLANG_WARN_STRICT_PROTOTYPES = YES;
				CLANG_WARN_SUSPICIOUS_MOVE = YES;
				CLANG_WARN_UNGUARDED_AVAILABILITY = YES_AGGRESSIVE;
				CLANG_WARN_UNREACHABLE_CODE = YES;
				CLANG_WARN__DUPLICATE_METHOD_MATCH = YES;
				COPY_PHASE_STRIP = NO;
				DEBUG_INFORMATION_FORMAT = dwarf;
				ENABLE_STRICT_OBJC_MSGSEND = YES;
				ENABLE_TESTABILITY = YES;
				GCC_C_LANGUAGE_STANDARD = gnu11;
				GCC_DYNAMIC_NO_PIC = NO;
				GCC_NO_COMMON_BLOCKS = YES;
				GCC_OPTIMIZATION_LEVEL = 0;
				GCC_PREPROCESSOR_DEFINITIONS = (
					"DEBUG=1",
					"$(inherited)",
				);
				GCC_WARN_64_TO_32_BIT_CONVERSION = YES;
				GCC_WARN_ABOUT_RETURN_TYPE = YES_ERROR;
				GCC_WARN_UNDECLARED_SELECTOR = YES;
				GCC_WARN_UNINITIALIZED_AUTOS = YES_AGGRESSIVE;
				GCC_WARN_UNUSED_FUNCTION = YES;
				GCC_WARN_UNUSED_VARIABLE = YES;
				IPHONEOS_DEPLOYMENT_TARGET = 14.0;
				MTL_ENABLE_DEBUG_INFO = INCLUDE_SOURCE;
				MTL_FAST_MATH = YES;
				ONLY_ACTIVE_ARCH = YES;
				SDKROOT = iphoneos;
				SWIFT_ACTIVE_COMPILATION_CONDITIONS = DEBUG;
				SWIFT_OPTIMIZATION_LEVEL = "-Onone";
			};
			name = Debug;
		};
		301F0AD8253A60A9000C6439 /* Release */ = {
			isa = XCBuildConfiguration;
			buildSettings = {
				ALWAYS_SEARCH_USER_PATHS = NO;
				CLANG_ANALYZER_NONNULL = YES;
				CLANG_ANALYZER_NUMBER_OBJECT_CONVERSION = YES_AGGRESSIVE;
				CLANG_CXX_LANGUAGE_STANDARD = "gnu++14";
				CLANG_CXX_LIBRARY = "libc++";
				CLANG_ENABLE_MODULES = YES;
				CLANG_ENABLE_OBJC_ARC = YES;
				CLANG_ENABLE_OBJC_WEAK = YES;
				CLANG_WARN_BLOCK_CAPTURE_AUTORELEASING = YES;
				CLANG_WARN_BOOL_CONVERSION = YES;
				CLANG_WARN_COMMA = YES;
				CLANG_WARN_CONSTANT_CONVERSION = YES;
				CLANG_WARN_DEPRECATED_OBJC_IMPLEMENTATIONS = YES;
				CLANG_WARN_DIRECT_OBJC_ISA_USAGE = YES_ERROR;
				CLANG_WARN_DOCUMENTATION_COMMENTS = YES;
				CLANG_WARN_EMPTY_BODY = YES;
				CLANG_WARN_ENUM_CONVERSION = YES;
				CLANG_WARN_INFINITE_RECURSION = YES;
				CLANG_WARN_INT_CONVERSION = YES;
				CLANG_WARN_NON_LITERAL_NULL_CONVERSION = YES;
				CLANG_WARN_OBJC_IMPLICIT_RETAIN_SELF = YES;
				CLANG_WARN_OBJC_LITERAL_CONVERSION = YES;
				CLANG_WARN_OBJC_ROOT_CLASS = YES_ERROR;
				CLANG_WARN_QUOTED_INCLUDE_IN_FRAMEWORK_HEADER = YES;
				CLANG_WARN_RANGE_LOOP_ANALYSIS = YES;
				CLANG_WARN_STRICT_PROTOTYPES = YES;
				CLANG_WARN_SUSPICIOUS_MOVE = YES;
				CLANG_WARN_UNGUARDED_AVAILABILITY = YES_AGGRESSIVE;
				CLANG_WARN_UNREACHABLE_CODE = YES;
				CLANG_WARN__DUPLICATE_METHOD_MATCH = YES;
				COPY_PHASE_STRIP = NO;
				DEBUG_INFORMATION_FORMAT = "dwarf-with-dsym";
				ENABLE_NS_ASSERTIONS = NO;
				ENABLE_STRICT_OBJC_MSGSEND = YES;
				GCC_C_LANGUAGE_STANDARD = gnu11;
				GCC_NO_COMMON_BLOCKS = YES;
				GCC_WARN_64_TO_32_BIT_CONVERSION = YES;
				GCC_WARN_ABOUT_RETURN_TYPE = YES_ERROR;
				GCC_WARN_UNDECLARED_SELECTOR = YES;
				GCC_WARN_UNINITIALIZED_AUTOS = YES_AGGRESSIVE;
				GCC_WARN_UNUSED_FUNCTION = YES;
				GCC_WARN_UNUSED_VARIABLE = YES;
				IPHONEOS_DEPLOYMENT_TARGET = 14.0;
				MTL_ENABLE_DEBUG_INFO = NO;
				MTL_FAST_MATH = YES;
				SDKROOT = iphoneos;
				SWIFT_COMPILATION_MODE = wholemodule;
				SWIFT_OPTIMIZATION_LEVEL = "-O";
				VALIDATE_PRODUCT = YES;
			};
			name = Release;
		};
		301F0ADA253A60A9000C6439 /* Debug */ = {
			isa = XCBuildConfiguration;
			buildSettings = {
				ASSETCATALOG_COMPILER_APPICON_NAME = AppIcon;
				ASSETCATALOG_COMPILER_GLOBAL_ACCENT_COLOR_NAME = AccentColor;
				CODE_SIGN_STYLE = Automatic;
				DEVELOPMENT_ASSET_PATHS = "\"Tensai/Preview Content\"";
				DEVELOPMENT_TEAM = R6U5GZ53KJ;
				ENABLE_PREVIEWS = YES;
				INFOPLIST_FILE = Tensai/Info.plist;
				IPHONEOS_DEPLOYMENT_TARGET = 14.0;
				LD_RUNPATH_SEARCH_PATHS = (
					"$(inherited)",
					"@executable_path/Frameworks",
				);
				MARKETING_VERSION = 0.0.1;
				PRODUCT_BUNDLE_IDENTIFIER = io.github.kristorres.Tensai;
				PRODUCT_NAME = "$(TARGET_NAME)";
				SWIFT_VERSION = 5.0;
				TARGETED_DEVICE_FAMILY = "1,2";
			};
			name = Debug;
		};
		301F0ADB253A60A9000C6439 /* Release */ = {
			isa = XCBuildConfiguration;
			buildSettings = {
				ASSETCATALOG_COMPILER_APPICON_NAME = AppIcon;
				ASSETCATALOG_COMPILER_GLOBAL_ACCENT_COLOR_NAME = AccentColor;
				CODE_SIGN_STYLE = Automatic;
				DEVELOPMENT_ASSET_PATHS = "\"Tensai/Preview Content\"";
				DEVELOPMENT_TEAM = R6U5GZ53KJ;
				ENABLE_PREVIEWS = YES;
				INFOPLIST_FILE = Tensai/Info.plist;
				IPHONEOS_DEPLOYMENT_TARGET = 14.0;
				LD_RUNPATH_SEARCH_PATHS = (
					"$(inherited)",
					"@executable_path/Frameworks",
				);
				MARKETING_VERSION = 0.0.1;
				PRODUCT_BUNDLE_IDENTIFIER = io.github.kristorres.Tensai;
				PRODUCT_NAME = "$(TARGET_NAME)";
				SWIFT_VERSION = 5.0;
				TARGETED_DEVICE_FAMILY = "1,2";
			};
			name = Release;
		};
		30A04E3C2553BC54009C9695 /* Debug */ = {
			isa = XCBuildConfiguration;
			buildSettings = {
				BUNDLE_LOADER = "$(TEST_HOST)";
				CODE_SIGN_STYLE = Automatic;
				DEVELOPMENT_TEAM = R6U5GZ53KJ;
				INFOPLIST_FILE = TensaiTests/Info.plist;
				IPHONEOS_DEPLOYMENT_TARGET = 14.1;
				LD_RUNPATH_SEARCH_PATHS = (
					"$(inherited)",
					"@executable_path/Frameworks",
					"@loader_path/Frameworks",
				);
				PRODUCT_BUNDLE_IDENTIFIER = io.github.kristorres.TensaiTests;
				PRODUCT_NAME = "$(TARGET_NAME)";
				SWIFT_VERSION = 5.0;
				TARGETED_DEVICE_FAMILY = "1,2";
				TEST_HOST = "$(BUILT_PRODUCTS_DIR)/Tensai.app/Tensai";
			};
			name = Debug;
		};
		30A04E3D2553BC54009C9695 /* Release */ = {
			isa = XCBuildConfiguration;
			buildSettings = {
				BUNDLE_LOADER = "$(TEST_HOST)";
				CODE_SIGN_STYLE = Automatic;
				DEVELOPMENT_TEAM = R6U5GZ53KJ;
				INFOPLIST_FILE = TensaiTests/Info.plist;
				IPHONEOS_DEPLOYMENT_TARGET = 14.1;
				LD_RUNPATH_SEARCH_PATHS = (
					"$(inherited)",
					"@executable_path/Frameworks",
					"@loader_path/Frameworks",
				);
				PRODUCT_BUNDLE_IDENTIFIER = io.github.kristorres.TensaiTests;
				PRODUCT_NAME = "$(TARGET_NAME)";
				SWIFT_VERSION = 5.0;
				TARGETED_DEVICE_FAMILY = "1,2";
				TEST_HOST = "$(BUILT_PRODUCTS_DIR)/Tensai.app/Tensai";
			};
			name = Release;
		};
/* End XCBuildConfiguration section */

/* Begin XCConfigurationList section */
		301F0AC5253A60A8000C6439 /* Build configuration list for PBXProject "Tensai" */ = {
			isa = XCConfigurationList;
			buildConfigurations = (
				301F0AD7253A60A9000C6439 /* Debug */,
				301F0AD8253A60A9000C6439 /* Release */,
			);
			defaultConfigurationIsVisible = 0;
			defaultConfigurationName = Release;
		};
		301F0AD9253A60A9000C6439 /* Build configuration list for PBXNativeTarget "Tensai" */ = {
			isa = XCConfigurationList;
			buildConfigurations = (
				301F0ADA253A60A9000C6439 /* Debug */,
				301F0ADB253A60A9000C6439 /* Release */,
			);
			defaultConfigurationIsVisible = 0;
			defaultConfigurationName = Release;
		};
		30A04E3B2553BC54009C9695 /* Build configuration list for PBXNativeTarget "TensaiTests" */ = {
			isa = XCConfigurationList;
			buildConfigurations = (
				30A04E3C2553BC54009C9695 /* Debug */,
				30A04E3D2553BC54009C9695 /* Release */,
			);
			defaultConfigurationIsVisible = 0;
			defaultConfigurationName = Release;
		};
/* End XCConfigurationList section */
	};
	rootObject = 301F0AC2253A60A8000C6439 /* Project object */;
}
