// !$*UTF8*$!
{
	archiveVersion = 1;
	classes = {
	};
	objectVersion = 55;
	objects = {

/* Begin PBXBuildFile section */
		30080A1927E7A611002941B4 /* Paper.swift in Sources */ = {isa = PBXBuildFile; fileRef = 30080A1827E7A611002941B4 /* Paper.swift */; };
		300E181827E154490007BE50 /* Button.swift in Sources */ = {isa = PBXBuildFile; fileRef = 300E181727E154490007BE50 /* Button.swift */; };
		301CB550273CEDF000FDBF7A /* TensaiApp.swift in Sources */ = {isa = PBXBuildFile; fileRef = 301CB54F273CEDF000FDBF7A /* TensaiApp.swift */; };
		301CB552273CEDF000FDBF7A /* ContentView.swift in Sources */ = {isa = PBXBuildFile; fileRef = 301CB551273CEDF000FDBF7A /* ContentView.swift */; };
		301CB554273CEDF000FDBF7A /* Assets.xcassets in Resources */ = {isa = PBXBuildFile; fileRef = 301CB553273CEDF000FDBF7A /* Assets.xcassets */; };
		301CB557273CEDF000FDBF7A /* Preview Assets.xcassets in Resources */ = {isa = PBXBuildFile; fileRef = 301CB556273CEDF000FDBF7A /* Preview Assets.xcassets */; };
		301CB562273CF60800FDBF7A /* LaunchScreen.storyboard in Resources */ = {isa = PBXBuildFile; fileRef = 301CB561273CF60800FDBF7A /* LaunchScreen.storyboard */; };
		3032EC00274CAD4700B46598 /* OTDBQueryTests.swift in Sources */ = {isa = PBXBuildFile; fileRef = 3032EBFF274CAD4700B46598 /* OTDBQueryTests.swift */; };
		3032EC03274E013300B46598 /* TriviaQuiz.swift in Sources */ = {isa = PBXBuildFile; fileRef = 3032EC02274E013300B46598 /* TriviaQuiz.swift */; };
		3032EC05274E9E3200B46598 /* TriviaQuizTests.swift in Sources */ = {isa = PBXBuildFile; fileRef = 3032EC04274E9E3200B46598 /* TriviaQuizTests.swift */; };
		303D885E273E3F1400CDA0CA /* String+HTMLDecoded.swift in Sources */ = {isa = PBXBuildFile; fileRef = 303D885D273E3F1400CDA0CA /* String+HTMLDecoded.swift */; };
		303D886D273E40B000CDA0CA /* HTMLDecodingTests.swift in Sources */ = {isa = PBXBuildFile; fileRef = 303D886C273E40B000CDA0CA /* HTMLDecodingTests.swift */; };
		303D8872273F432E00CDA0CA /* OTDBQuestionTests.swift in Sources */ = {isa = PBXBuildFile; fileRef = 303D8871273F432E00CDA0CA /* OTDBQuestionTests.swift */; };
		305EC10B27D8235E00961713 /* Theme.swift in Sources */ = {isa = PBXBuildFile; fileRef = 305EC10A27D8235E00961713 /* Theme.swift */; };
		305EC10D27DAB0F700961713 /* Color+Dynamic.swift in Sources */ = {isa = PBXBuildFile; fileRef = 305EC10C27DAB0F700961713 /* Color+Dynamic.swift */; };
		305EC10F27DAB3FF00961713 /* CustomColors.swift in Sources */ = {isa = PBXBuildFile; fileRef = 305EC10E27DAB3FF00961713 /* CustomColors.swift */; };
		305EC11227DAC91900961713 /* Trebek.swift in Sources */ = {isa = PBXBuildFile; fileRef = 305EC11127DAC91900961713 /* Trebek.swift */; };
		305EC11827DD52F600961713 /* BarlowCondensed-Medium.ttf in Resources */ = {isa = PBXBuildFile; fileRef = 305EC11727DD52F600961713 /* BarlowCondensed-Medium.ttf */; };
		30C7283A275B246D007E18A2 /* NoCaching.swift in Sources */ = {isa = PBXBuildFile; fileRef = 30C72839275B246D007E18A2 /* NoCaching.swift */; };
		30C7283C275ED19A007E18A2 /* DataCenter.swift in Sources */ = {isa = PBXBuildFile; fileRef = 30C7283B275ED19A007E18A2 /* DataCenter.swift */; };
		30CB8129275FDD090034EE4C /* DataCenterTests.swift in Sources */ = {isa = PBXBuildFile; fileRef = 30CB8128275FDD090034EE4C /* DataCenterTests.swift */; };
		30E27EC5279930160095A27B /* OTDBResponse.swift in Sources */ = {isa = PBXBuildFile; fileRef = 30E27EC4279930160095A27B /* OTDBResponse.swift */; };
		30F030F92743892500233FEF /* OTDBQuery.swift in Sources */ = {isa = PBXBuildFile; fileRef = 30F030F82743892500233FEF /* OTDBQuery.swift */; };
/* End PBXBuildFile section */

/* Begin PBXContainerItemProxy section */
		303D8867273E408600CDA0CA /* PBXContainerItemProxy */ = {
			isa = PBXContainerItemProxy;
			containerPortal = 301CB544273CEDF000FDBF7A /* Project object */;
			proxyType = 1;
			remoteGlobalIDString = 301CB54B273CEDF000FDBF7A;
			remoteInfo = Tensai;
		};
/* End PBXContainerItemProxy section */

/* Begin PBXFileReference section */
		30080A1827E7A611002941B4 /* Paper.swift */ = {isa = PBXFileReference; lastKnownFileType = sourcecode.swift; path = Paper.swift; sourceTree = "<group>"; };
		300E181727E154490007BE50 /* Button.swift */ = {isa = PBXFileReference; lastKnownFileType = sourcecode.swift; path = Button.swift; sourceTree = "<group>"; };
		301CB54C273CEDF000FDBF7A /* Tensai.app */ = {isa = PBXFileReference; explicitFileType = wrapper.application; includeInIndex = 0; path = Tensai.app; sourceTree = BUILT_PRODUCTS_DIR; };
		301CB54F273CEDF000FDBF7A /* TensaiApp.swift */ = {isa = PBXFileReference; lastKnownFileType = sourcecode.swift; path = TensaiApp.swift; sourceTree = "<group>"; };
		301CB551273CEDF000FDBF7A /* ContentView.swift */ = {isa = PBXFileReference; lastKnownFileType = sourcecode.swift; path = ContentView.swift; sourceTree = "<group>"; };
		301CB553273CEDF000FDBF7A /* Assets.xcassets */ = {isa = PBXFileReference; lastKnownFileType = folder.assetcatalog; path = Assets.xcassets; sourceTree = "<group>"; };
		301CB556273CEDF000FDBF7A /* Preview Assets.xcassets */ = {isa = PBXFileReference; lastKnownFileType = folder.assetcatalog; path = "Preview Assets.xcassets"; sourceTree = "<group>"; };
		301CB55D273CEEDA00FDBF7A /* .gitignore */ = {isa = PBXFileReference; lastKnownFileType = text; path = .gitignore; sourceTree = "<group>"; };
		301CB55E273CEF6500FDBF7A /* README.md */ = {isa = PBXFileReference; lastKnownFileType = net.daringfireball.markdown; path = README.md; sourceTree = "<group>"; };
		301CB561273CF60800FDBF7A /* LaunchScreen.storyboard */ = {isa = PBXFileReference; fileEncoding = 4; lastKnownFileType = file.storyboard; path = LaunchScreen.storyboard; sourceTree = "<group>"; };
		301CB569273CF8E900FDBF7A /* Info.plist */ = {isa = PBXFileReference; lastKnownFileType = text.plist; path = Info.plist; sourceTree = "<group>"; };
		3032EBFF274CAD4700B46598 /* OTDBQueryTests.swift */ = {isa = PBXFileReference; lastKnownFileType = sourcecode.swift; path = OTDBQueryTests.swift; sourceTree = "<group>"; };
		3032EC02274E013300B46598 /* TriviaQuiz.swift */ = {isa = PBXFileReference; lastKnownFileType = sourcecode.swift; path = TriviaQuiz.swift; sourceTree = "<group>"; };
		3032EC04274E9E3200B46598 /* TriviaQuizTests.swift */ = {isa = PBXFileReference; lastKnownFileType = sourcecode.swift; path = TriviaQuizTests.swift; sourceTree = "<group>"; };
		303D885D273E3F1400CDA0CA /* String+HTMLDecoded.swift */ = {isa = PBXFileReference; lastKnownFileType = sourcecode.swift; path = "String+HTMLDecoded.swift"; sourceTree = "<group>"; };
		303D8863273E408600CDA0CA /* TensaiTests.xctest */ = {isa = PBXFileReference; explicitFileType = wrapper.cfbundle; includeInIndex = 0; path = TensaiTests.xctest; sourceTree = BUILT_PRODUCTS_DIR; };
		303D886C273E40B000CDA0CA /* HTMLDecodingTests.swift */ = {isa = PBXFileReference; fileEncoding = 4; lastKnownFileType = sourcecode.swift; path = HTMLDecodingTests.swift; sourceTree = "<group>"; };
		303D8871273F432E00CDA0CA /* OTDBQuestionTests.swift */ = {isa = PBXFileReference; lastKnownFileType = sourcecode.swift; path = OTDBQuestionTests.swift; sourceTree = "<group>"; };
		305EC10A27D8235E00961713 /* Theme.swift */ = {isa = PBXFileReference; lastKnownFileType = sourcecode.swift; path = Theme.swift; sourceTree = "<group>"; };
		305EC10C27DAB0F700961713 /* Color+Dynamic.swift */ = {isa = PBXFileReference; lastKnownFileType = sourcecode.swift; path = "Color+Dynamic.swift"; sourceTree = "<group>"; };
		305EC10E27DAB3FF00961713 /* CustomColors.swift */ = {isa = PBXFileReference; lastKnownFileType = sourcecode.swift; path = CustomColors.swift; sourceTree = "<group>"; };
		305EC11127DAC91900961713 /* Trebek.swift */ = {isa = PBXFileReference; lastKnownFileType = sourcecode.swift; path = Trebek.swift; sourceTree = "<group>"; };
		305EC11727DD52F600961713 /* BarlowCondensed-Medium.ttf */ = {isa = PBXFileReference; lastKnownFileType = file; path = "BarlowCondensed-Medium.ttf"; sourceTree = "<group>"; };
		30C72839275B246D007E18A2 /* NoCaching.swift */ = {isa = PBXFileReference; lastKnownFileType = sourcecode.swift; path = NoCaching.swift; sourceTree = "<group>"; };
		30C7283B275ED19A007E18A2 /* DataCenter.swift */ = {isa = PBXFileReference; lastKnownFileType = sourcecode.swift; path = DataCenter.swift; sourceTree = "<group>"; };
		30CB8128275FDD090034EE4C /* DataCenterTests.swift */ = {isa = PBXFileReference; lastKnownFileType = sourcecode.swift; path = DataCenterTests.swift; sourceTree = "<group>"; };
		30E27EC4279930160095A27B /* OTDBResponse.swift */ = {isa = PBXFileReference; lastKnownFileType = sourcecode.swift; path = OTDBResponse.swift; sourceTree = "<group>"; };
		30F030F82743892500233FEF /* OTDBQuery.swift */ = {isa = PBXFileReference; lastKnownFileType = sourcecode.swift; path = OTDBQuery.swift; sourceTree = "<group>"; };
/* End PBXFileReference section */

/* Begin PBXFrameworksBuildPhase section */
		301CB549273CEDF000FDBF7A /* Frameworks */ = {
			isa = PBXFrameworksBuildPhase;
			buildActionMask = 2147483647;
			files = (
			);
			runOnlyForDeploymentPostprocessing = 0;
		};
		303D8860273E408600CDA0CA /* Frameworks */ = {
			isa = PBXFrameworksBuildPhase;
			buildActionMask = 2147483647;
			files = (
			);
			runOnlyForDeploymentPostprocessing = 0;
		};
/* End PBXFrameworksBuildPhase section */

/* Begin PBXGroup section */
		300E181627E153D50007BE50 /* Components */ = {
			isa = PBXGroup;
			children = (
				300E181727E154490007BE50 /* Button.swift */,
				30080A1827E7A611002941B4 /* Paper.swift */,
			);
			path = Components;
			sourceTree = "<group>";
		};
		301CB543273CEDF000FDBF7A = {
			isa = PBXGroup;
			children = (
				301CB55E273CEF6500FDBF7A /* README.md */,
				301CB55D273CEEDA00FDBF7A /* .gitignore */,
				301CB54E273CEDF000FDBF7A /* Tensai */,
				303D8864273E408600CDA0CA /* TensaiTests */,
				301CB54D273CEDF000FDBF7A /* Products */,
			);
			sourceTree = "<group>";
		};
		301CB54D273CEDF000FDBF7A /* Products */ = {
			isa = PBXGroup;
			children = (
				301CB54C273CEDF000FDBF7A /* Tensai.app */,
				303D8863273E408600CDA0CA /* TensaiTests.xctest */,
			);
			name = Products;
			sourceTree = "<group>";
		};
		301CB54E273CEDF000FDBF7A /* Tensai */ = {
			isa = PBXGroup;
			children = (
				30C7283B275ED19A007E18A2 /* DataCenter.swift */,
				303D885D273E3F1400CDA0CA /* String+HTMLDecoded.swift */,
				301CB54F273CEDF000FDBF7A /* TensaiApp.swift */,
				3032EC01274E00CF00B46598 /* Models */,
				303D886E273E473F00CDA0CA /* Networking */,
				305EC11027DAC8E200961713 /* Themes */,
				305EC10327D4953100961713 /* Urban */,
				301CB55F273CF35900FDBF7A /* Views */,
				301CB560273CF4AB00FDBF7A /* Supporting Files */,
				301CB555273CEDF000FDBF7A /* Preview Content */,
			);
			path = Tensai;
			sourceTree = "<group>";
		};
		301CB555273CEDF000FDBF7A /* Preview Content */ = {
			isa = PBXGroup;
			children = (
				301CB556273CEDF000FDBF7A /* Preview Assets.xcassets */,
			);
			path = "Preview Content";
			sourceTree = "<group>";
		};
		301CB55F273CF35900FDBF7A /* Views */ = {
			isa = PBXGroup;
			children = (
				301CB551273CEDF000FDBF7A /* ContentView.swift */,
			);
			path = Views;
			sourceTree = "<group>";
		};
		301CB560273CF4AB00FDBF7A /* Supporting Files */ = {
			isa = PBXGroup;
			children = (
				301CB553273CEDF000FDBF7A /* Assets.xcassets */,
				301CB569273CF8E900FDBF7A /* Info.plist */,
				301CB561273CF60800FDBF7A /* LaunchScreen.storyboard */,
				305EC11427DC0DD000961713 /* Fonts */,
			);
			name = "Supporting Files";
			sourceTree = "<group>";
		};
		3032EC01274E00CF00B46598 /* Models */ = {
			isa = PBXGroup;
			children = (
				30F030F82743892500233FEF /* OTDBQuery.swift */,
				3032EC02274E013300B46598 /* TriviaQuiz.swift */,
			);
			path = Models;
			sourceTree = "<group>";
		};
		303D8864273E408600CDA0CA /* TensaiTests */ = {
			isa = PBXGroup;
			children = (
				30CB8128275FDD090034EE4C /* DataCenterTests.swift */,
				303D886C273E40B000CDA0CA /* HTMLDecodingTests.swift */,
				3032EBFF274CAD4700B46598 /* OTDBQueryTests.swift */,
				303D8871273F432E00CDA0CA /* OTDBQuestionTests.swift */,
				3032EC04274E9E3200B46598 /* TriviaQuizTests.swift */,
			);
			path = TensaiTests;
			sourceTree = "<group>";
		};
		303D886E273E473F00CDA0CA /* Networking */ = {
			isa = PBXGroup;
			children = (
				30C72839275B246D007E18A2 /* NoCaching.swift */,
				30E27EC4279930160095A27B /* OTDBResponse.swift */,
			);
			path = Networking;
			sourceTree = "<group>";
		};
		305EC10327D4953100961713 /* Urban */ = {
			isa = PBXGroup;
			children = (
				305EC10C27DAB0F700961713 /* Color+Dynamic.swift */,
				305EC10E27DAB3FF00961713 /* CustomColors.swift */,
				305EC10A27D8235E00961713 /* Theme.swift */,
				300E181627E153D50007BE50 /* Components */,
			);
			path = Urban;
			sourceTree = "<group>";
		};
		305EC11027DAC8E200961713 /* Themes */ = {
			isa = PBXGroup;
			children = (
				305EC11127DAC91900961713 /* Trebek.swift */,
			);
			path = Themes;
			sourceTree = "<group>";
		};
		305EC11427DC0DD000961713 /* Fonts */ = {
			isa = PBXGroup;
			children = (
				305EC11727DD52F600961713 /* BarlowCondensed-Medium.ttf */,
			);
			path = Fonts;
			sourceTree = "<group>";
		};
/* End PBXGroup section */

/* Begin PBXNativeTarget section */
		301CB54B273CEDF000FDBF7A /* Tensai */ = {
			isa = PBXNativeTarget;
			buildConfigurationList = 301CB55A273CEDF000FDBF7A /* Build configuration list for PBXNativeTarget "Tensai" */;
			buildPhases = (
				301CB548273CEDF000FDBF7A /* Sources */,
				301CB549273CEDF000FDBF7A /* Frameworks */,
				301CB54A273CEDF000FDBF7A /* Resources */,
			);
			buildRules = (
			);
			dependencies = (
			);
			name = Tensai;
			productName = Tensai;
			productReference = 301CB54C273CEDF000FDBF7A /* Tensai.app */;
			productType = "com.apple.product-type.application";
		};
		303D8862273E408600CDA0CA /* TensaiTests */ = {
			isa = PBXNativeTarget;
			buildConfigurationList = 303D8869273E408600CDA0CA /* Build configuration list for PBXNativeTarget "TensaiTests" */;
			buildPhases = (
				303D885F273E408600CDA0CA /* Sources */,
				303D8860273E408600CDA0CA /* Frameworks */,
				303D8861273E408600CDA0CA /* Resources */,
			);
			buildRules = (
			);
			dependencies = (
				303D8868273E408600CDA0CA /* PBXTargetDependency */,
			);
			name = TensaiTests;
			productName = TensaiTests;
			productReference = 303D8863273E408600CDA0CA /* TensaiTests.xctest */;
			productType = "com.apple.product-type.bundle.unit-test";
		};
/* End PBXNativeTarget section */

/* Begin PBXProject section */
		301CB544273CEDF000FDBF7A /* Project object */ = {
			isa = PBXProject;
			attributes = {
				BuildIndependentTargetsInParallel = 1;
				LastSwiftUpdateCheck = 1310;
				LastUpgradeCheck = 1310;
				TargetAttributes = {
					301CB54B273CEDF000FDBF7A = {
						CreatedOnToolsVersion = 13.1;
					};
					303D8862273E408600CDA0CA = {
						CreatedOnToolsVersion = 13.1;
						TestTargetID = 301CB54B273CEDF000FDBF7A;
					};
				};
			};
			buildConfigurationList = 301CB547273CEDF000FDBF7A /* Build configuration list for PBXProject "Tensai" */;
			compatibilityVersion = "Xcode 13.0";
			developmentRegion = en;
			hasScannedForEncodings = 0;
			knownRegions = (
				en,
				Base,
			);
			mainGroup = 301CB543273CEDF000FDBF7A;
			productRefGroup = 301CB54D273CEDF000FDBF7A /* Products */;
			projectDirPath = "";
			projectRoot = "";
			targets = (
				301CB54B273CEDF000FDBF7A /* Tensai */,
				303D8862273E408600CDA0CA /* TensaiTests */,
			);
		};
/* End PBXProject section */

/* Begin PBXResourcesBuildPhase section */
		301CB54A273CEDF000FDBF7A /* Resources */ = {
			isa = PBXResourcesBuildPhase;
			buildActionMask = 2147483647;
			files = (
				305EC11827DD52F600961713 /* BarlowCondensed-Medium.ttf in Resources */,
				301CB554273CEDF000FDBF7A /* Assets.xcassets in Resources */,
				301CB557273CEDF000FDBF7A /* Preview Assets.xcassets in Resources */,
				301CB562273CF60800FDBF7A /* LaunchScreen.storyboard in Resources */,
			);
			runOnlyForDeploymentPostprocessing = 0;
		};
		303D8861273E408600CDA0CA /* Resources */ = {
			isa = PBXResourcesBuildPhase;
			buildActionMask = 2147483647;
			files = (
			);
			runOnlyForDeploymentPostprocessing = 0;
		};
/* End PBXResourcesBuildPhase section */

/* Begin PBXSourcesBuildPhase section */
		301CB548273CEDF000FDBF7A /* Sources */ = {
			isa = PBXSourcesBuildPhase;
			buildActionMask = 2147483647;
			files = (
				301CB550273CEDF000FDBF7A /* TensaiApp.swift in Sources */,
				305EC10D27DAB0F700961713 /* Color+Dynamic.swift in Sources */,
				305EC10F27DAB3FF00961713 /* CustomColors.swift in Sources */,
				305EC10B27D8235E00961713 /* Theme.swift in Sources */,
				300E181827E154490007BE50 /* Button.swift in Sources */,
				30080A1927E7A611002941B4 /* Paper.swift in Sources */,
				305EC11227DAC91900961713 /* Trebek.swift in Sources */,
				303D885E273E3F1400CDA0CA /* String+HTMLDecoded.swift in Sources */,
				30C7283A275B246D007E18A2 /* NoCaching.swift in Sources */,
				30E27EC5279930160095A27B /* OTDBResponse.swift in Sources */,
				30F030F92743892500233FEF /* OTDBQuery.swift in Sources */,
				30C7283C275ED19A007E18A2 /* DataCenter.swift in Sources */,
				3032EC03274E013300B46598 /* TriviaQuiz.swift in Sources */,
				301CB552273CEDF000FDBF7A /* ContentView.swift in Sources */,
			);
			runOnlyForDeploymentPostprocessing = 0;
		};
		303D885F273E408600CDA0CA /* Sources */ = {
			isa = PBXSourcesBuildPhase;
			buildActionMask = 2147483647;
			files = (
				30CB8129275FDD090034EE4C /* DataCenterTests.swift in Sources */,
				303D886D273E40B000CDA0CA /* HTMLDecodingTests.swift in Sources */,
				3032EC00274CAD4700B46598 /* OTDBQueryTests.swift in Sources */,
				303D8872273F432E00CDA0CA /* OTDBQuestionTests.swift in Sources */,
				3032EC05274E9E3200B46598 /* TriviaQuizTests.swift in Sources */,
			);
			runOnlyForDeploymentPostprocessing = 0;
		};
/* End PBXSourcesBuildPhase section */

/* Begin PBXTargetDependency section */
		303D8868273E408600CDA0CA /* PBXTargetDependency */ = {
			isa = PBXTargetDependency;
			target = 301CB54B273CEDF000FDBF7A /* Tensai */;
			targetProxy = 303D8867273E408600CDA0CA /* PBXContainerItemProxy */;
		};
/* End PBXTargetDependency section */

/* Begin XCBuildConfiguration section */
		301CB558273CEDF000FDBF7A /* Debug */ = {
			isa = XCBuildConfiguration;
			buildSettings = {
				ALWAYS_SEARCH_USER_PATHS = NO;
				CLANG_ANALYZER_NONNULL = YES;
				CLANG_ANALYZER_NUMBER_OBJECT_CONVERSION = YES_AGGRESSIVE;
				CLANG_CXX_LANGUAGE_STANDARD = "gnu++17";
				CLANG_CXX_LIBRARY = "libc++";
				CLANG_ENABLE_MODULES = YES;
				CLANG_ENABLE_OBJC_ARC = YES;
				CLANG_ENABLE_OBJC_WEAK = YES;
				CLANG_WARN_BLOCK_CAPTURE_AUTORELEASING = YES;
				CLANG_WARN_BOOL_CONVERSION = YES;
				CLANG_WARN_COMMA = YES;
				CLANG_WARN_CONSTANT_CONVERSION = YES;
				CLANG_WARN_DEPRECATED_OBJC_IMPLEMENTATIONS = YES;
				CLANG_WARN_DIRECT_OBJC_ISA_USAGE = YES_ERROR;
				CLANG_WARN_DOCUMENTATION_COMMENTS = YES;
				CLANG_WARN_EMPTY_BODY = YES;
				CLANG_WARN_ENUM_CONVERSION = YES;
				CLANG_WARN_INFINITE_RECURSION = YES;
				CLANG_WARN_INT_CONVERSION = YES;
				CLANG_WARN_NON_LITERAL_NULL_CONVERSION = YES;
				CLANG_WARN_OBJC_IMPLICIT_RETAIN_SELF = YES;
				CLANG_WARN_OBJC_LITERAL_CONVERSION = YES;
				CLANG_WARN_OBJC_ROOT_CLASS = YES_ERROR;
				CLANG_WARN_QUOTED_INCLUDE_IN_FRAMEWORK_HEADER = YES;
				CLANG_WARN_RANGE_LOOP_ANALYSIS = YES;
				CLANG_WARN_STRICT_PROTOTYPES = YES;
				CLANG_WARN_SUSPICIOUS_MOVE = YES;
				CLANG_WARN_UNGUARDED_AVAILABILITY = YES_AGGRESSIVE;
				CLANG_WARN_UNREACHABLE_CODE = YES;
				CLANG_WARN__DUPLICATE_METHOD_MATCH = YES;
				COPY_PHASE_STRIP = NO;
				DEBUG_INFORMATION_FORMAT = dwarf;
				ENABLE_STRICT_OBJC_MSGSEND = YES;
				ENABLE_TESTABILITY = YES;
				GCC_C_LANGUAGE_STANDARD = gnu11;
				GCC_DYNAMIC_NO_PIC = NO;
				GCC_NO_COMMON_BLOCKS = YES;
				GCC_OPTIMIZATION_LEVEL = 0;
				GCC_PREPROCESSOR_DEFINITIONS = (
					"DEBUG=1",
					"$(inherited)",
				);
				GCC_WARN_64_TO_32_BIT_CONVERSION = YES;
				GCC_WARN_ABOUT_RETURN_TYPE = YES_ERROR;
				GCC_WARN_UNDECLARED_SELECTOR = YES;
				GCC_WARN_UNINITIALIZED_AUTOS = YES_AGGRESSIVE;
				GCC_WARN_UNUSED_FUNCTION = YES;
				GCC_WARN_UNUSED_VARIABLE = YES;
				IPHONEOS_DEPLOYMENT_TARGET = 15.0;
				MTL_ENABLE_DEBUG_INFO = INCLUDE_SOURCE;
				MTL_FAST_MATH = YES;
				ONLY_ACTIVE_ARCH = YES;
				SDKROOT = iphoneos;
				SWIFT_ACTIVE_COMPILATION_CONDITIONS = DEBUG;
				SWIFT_OPTIMIZATION_LEVEL = "-Onone";
			};
			name = Debug;
		};
		301CB559273CEDF000FDBF7A /* Release */ = {
			isa = XCBuildConfiguration;
			buildSettings = {
				ALWAYS_SEARCH_USER_PATHS = NO;
				CLANG_ANALYZER_NONNULL = YES;
				CLANG_ANALYZER_NUMBER_OBJECT_CONVERSION = YES_AGGRESSIVE;
				CLANG_CXX_LANGUAGE_STANDARD = "gnu++17";
				CLANG_CXX_LIBRARY = "libc++";
				CLANG_ENABLE_MODULES = YES;
				CLANG_ENABLE_OBJC_ARC = YES;
				CLANG_ENABLE_OBJC_WEAK = YES;
				CLANG_WARN_BLOCK_CAPTURE_AUTORELEASING = YES;
				CLANG_WARN_BOOL_CONVERSION = YES;
				CLANG_WARN_COMMA = YES;
				CLANG_WARN_CONSTANT_CONVERSION = YES;
				CLANG_WARN_DEPRECATED_OBJC_IMPLEMENTATIONS = YES;
				CLANG_WARN_DIRECT_OBJC_ISA_USAGE = YES_ERROR;
				CLANG_WARN_DOCUMENTATION_COMMENTS = YES;
				CLANG_WARN_EMPTY_BODY = YES;
				CLANG_WARN_ENUM_CONVERSION = YES;
				CLANG_WARN_INFINITE_RECURSION = YES;
				CLANG_WARN_INT_CONVERSION = YES;
				CLANG_WARN_NON_LITERAL_NULL_CONVERSION = YES;
				CLANG_WARN_OBJC_IMPLICIT_RETAIN_SELF = YES;
				CLANG_WARN_OBJC_LITERAL_CONVERSION = YES;
				CLANG_WARN_OBJC_ROOT_CLASS = YES_ERROR;
				CLANG_WARN_QUOTED_INCLUDE_IN_FRAMEWORK_HEADER = YES;
				CLANG_WARN_RANGE_LOOP_ANALYSIS = YES;
				CLANG_WARN_STRICT_PROTOTYPES = YES;
				CLANG_WARN_SUSPICIOUS_MOVE = YES;
				CLANG_WARN_UNGUARDED_AVAILABILITY = YES_AGGRESSIVE;
				CLANG_WARN_UNREACHABLE_CODE = YES;
				CLANG_WARN__DUPLICATE_METHOD_MATCH = YES;
				COPY_PHASE_STRIP = NO;
				DEBUG_INFORMATION_FORMAT = "dwarf-with-dsym";
				ENABLE_NS_ASSERTIONS = NO;
				ENABLE_STRICT_OBJC_MSGSEND = YES;
				GCC_C_LANGUAGE_STANDARD = gnu11;
				GCC_NO_COMMON_BLOCKS = YES;
				GCC_WARN_64_TO_32_BIT_CONVERSION = YES;
				GCC_WARN_ABOUT_RETURN_TYPE = YES_ERROR;
				GCC_WARN_UNDECLARED_SELECTOR = YES;
				GCC_WARN_UNINITIALIZED_AUTOS = YES_AGGRESSIVE;
				GCC_WARN_UNUSED_FUNCTION = YES;
				GCC_WARN_UNUSED_VARIABLE = YES;
				IPHONEOS_DEPLOYMENT_TARGET = 15.0;
				MTL_ENABLE_DEBUG_INFO = NO;
				MTL_FAST_MATH = YES;
				SDKROOT = iphoneos;
				SWIFT_COMPILATION_MODE = wholemodule;
				SWIFT_OPTIMIZATION_LEVEL = "-O";
				VALIDATE_PRODUCT = YES;
			};
			name = Release;
		};
		301CB55B273CEDF000FDBF7A /* Debug */ = {
			isa = XCBuildConfiguration;
			buildSettings = {
				ASSETCATALOG_COMPILER_APPICON_NAME = AppIcon;
				ASSETCATALOG_COMPILER_GLOBAL_ACCENT_COLOR_NAME = AccentColor;
				CODE_SIGN_STYLE = Automatic;
				CURRENT_PROJECT_VERSION = 1;
				DEVELOPMENT_ASSET_PATHS = "\"Tensai/Preview Content\"";
				DEVELOPMENT_TEAM = R6U5GZ53KJ;
				ENABLE_PREVIEWS = YES;
				GENERATE_INFOPLIST_FILE = YES;
				INFOPLIST_FILE = Tensai/Info.plist;
				INFOPLIST_KEY_UIApplicationSupportsIndirectInputEvents = YES;
				INFOPLIST_KEY_UILaunchScreen_Generation = YES;
				INFOPLIST_KEY_UILaunchStoryboardName = LaunchScreen;
				INFOPLIST_KEY_UIRequiresFullScreen = YES;
				INFOPLIST_KEY_UISupportedInterfaceOrientations_iPad = "UIInterfaceOrientationPortrait UIInterfaceOrientationPortraitUpsideDown UIInterfaceOrientationLandscapeLeft UIInterfaceOrientationLandscapeRight";
				INFOPLIST_KEY_UISupportedInterfaceOrientations_iPhone = UIInterfaceOrientationPortrait;
				LD_RUNPATH_SEARCH_PATHS = (
					"$(inherited)",
					"@executable_path/Frameworks",
				);
				MARKETING_VERSION = 0.1.0;
				PRODUCT_BUNDLE_IDENTIFIER = io.github.kristorres.Tensai;
				PRODUCT_NAME = "$(TARGET_NAME)";
				SWIFT_EMIT_LOC_STRINGS = YES;
				SWIFT_VERSION = 5.0;
				TARGETED_DEVICE_FAMILY = "1,2";
			};
			name = Debug;
		};
		301CB55C273CEDF000FDBF7A /* Release */ = {
			isa = XCBuildConfiguration;
			buildSettings = {
				ASSETCATALOG_COMPILER_APPICON_NAME = AppIcon;
				ASSETCATALOG_COMPILER_GLOBAL_ACCENT_COLOR_NAME = AccentColor;
				CODE_SIGN_STYLE = Automatic;
				CURRENT_PROJECT_VERSION = 1;
				DEVELOPMENT_ASSET_PATHS = "\"Tensai/Preview Content\"";
				DEVELOPMENT_TEAM = R6U5GZ53KJ;
				ENABLE_PREVIEWS = YES;
				GENERATE_INFOPLIST_FILE = YES;
				INFOPLIST_FILE = Tensai/Info.plist;
				INFOPLIST_KEY_UIApplicationSupportsIndirectInputEvents = YES;
				INFOPLIST_KEY_UILaunchScreen_Generation = YES;
				INFOPLIST_KEY_UILaunchStoryboardName = LaunchScreen;
				INFOPLIST_KEY_UIRequiresFullScreen = YES;
				INFOPLIST_KEY_UISupportedInterfaceOrientations_iPad = "UIInterfaceOrientationPortrait UIInterfaceOrientationPortraitUpsideDown UIInterfaceOrientationLandscapeLeft UIInterfaceOrientationLandscapeRight";
				INFOPLIST_KEY_UISupportedInterfaceOrientations_iPhone = UIInterfaceOrientationPortrait;
				LD_RUNPATH_SEARCH_PATHS = (
					"$(inherited)",
					"@executable_path/Frameworks",
				);
				MARKETING_VERSION = 0.1.0;
				PRODUCT_BUNDLE_IDENTIFIER = io.github.kristorres.Tensai;
				PRODUCT_NAME = "$(TARGET_NAME)";
				SWIFT_EMIT_LOC_STRINGS = YES;
				SWIFT_VERSION = 5.0;
				TARGETED_DEVICE_FAMILY = "1,2";
			};
			name = Release;
		};
		303D886A273E408600CDA0CA /* Debug */ = {
			isa = XCBuildConfiguration;
			buildSettings = {
				BUNDLE_LOADER = "$(TEST_HOST)";
				CODE_SIGN_STYLE = Automatic;
				CURRENT_PROJECT_VERSION = 1;
				DEVELOPMENT_TEAM = R6U5GZ53KJ;
				GENERATE_INFOPLIST_FILE = YES;
				LD_RUNPATH_SEARCH_PATHS = (
					"$(inherited)",
					"@executable_path/Frameworks",
					"@loader_path/Frameworks",
				);
				MARKETING_VERSION = 1.0;
				PRODUCT_BUNDLE_IDENTIFIER = io.github.kristorres.TensaiTests;
				PRODUCT_NAME = "$(TARGET_NAME)";
				SWIFT_EMIT_LOC_STRINGS = NO;
				SWIFT_VERSION = 5.0;
				TARGETED_DEVICE_FAMILY = "1,2";
				TEST_HOST = "$(BUILT_PRODUCTS_DIR)/Tensai.app/Tensai";
			};
			name = Debug;
		};
		303D886B273E408600CDA0CA /* Release */ = {
			isa = XCBuildConfiguration;
			buildSettings = {
				BUNDLE_LOADER = "$(TEST_HOST)";
				CODE_SIGN_STYLE = Automatic;
				CURRENT_PROJECT_VERSION = 1;
				DEVELOPMENT_TEAM = R6U5GZ53KJ;
				GENERATE_INFOPLIST_FILE = YES;
				LD_RUNPATH_SEARCH_PATHS = (
					"$(inherited)",
					"@executable_path/Frameworks",
					"@loader_path/Frameworks",
				);
				MARKETING_VERSION = 1.0;
				PRODUCT_BUNDLE_IDENTIFIER = io.github.kristorres.TensaiTests;
				PRODUCT_NAME = "$(TARGET_NAME)";
				SWIFT_EMIT_LOC_STRINGS = NO;
				SWIFT_VERSION = 5.0;
				TARGETED_DEVICE_FAMILY = "1,2";
				TEST_HOST = "$(BUILT_PRODUCTS_DIR)/Tensai.app/Tensai";
			};
			name = Release;
		};
/* End XCBuildConfiguration section */

/* Begin XCConfigurationList section */
		301CB547273CEDF000FDBF7A /* Build configuration list for PBXProject "Tensai" */ = {
			isa = XCConfigurationList;
			buildConfigurations = (
				301CB558273CEDF000FDBF7A /* Debug */,
				301CB559273CEDF000FDBF7A /* Release */,
			);
			defaultConfigurationIsVisible = 0;
			defaultConfigurationName = Release;
		};
		301CB55A273CEDF000FDBF7A /* Build configuration list for PBXNativeTarget "Tensai" */ = {
			isa = XCConfigurationList;
			buildConfigurations = (
				301CB55B273CEDF000FDBF7A /* Debug */,
				301CB55C273CEDF000FDBF7A /* Release */,
			);
			defaultConfigurationIsVisible = 0;
			defaultConfigurationName = Release;
		};
		303D8869273E408600CDA0CA /* Build configuration list for PBXNativeTarget "TensaiTests" */ = {
			isa = XCConfigurationList;
			buildConfigurations = (
				303D886A273E408600CDA0CA /* Debug */,
				303D886B273E408600CDA0CA /* Release */,
			);
			defaultConfigurationIsVisible = 0;
			defaultConfigurationName = Release;
		};
/* End XCConfigurationList section */
	};
	rootObject = 301CB544273CEDF000FDBF7A /* Project object */;
}
